// !$*UTF8*$!
{
	archiveVersion = 1;
	classes = {
	};
	objectVersion = 46;
	objects = {

/* Begin PBXBuildFile section */
		2C7E710D14B8170000A8F4ED /* UIKit.framework in Frameworks */ = {isa = PBXBuildFile; fileRef = 2C7E710C14B8170000A8F4ED /* UIKit.framework */; };
		2C7E710F14B8170000A8F4ED /* Foundation.framework in Frameworks */ = {isa = PBXBuildFile; fileRef = 2C7E710E14B8170000A8F4ED /* Foundation.framework */; };
		2C7E711114B8170000A8F4ED /* CoreGraphics.framework in Frameworks */ = {isa = PBXBuildFile; fileRef = 2C7E711014B8170000A8F4ED /* CoreGraphics.framework */; };
		2C7E712414B817AB00A8F4ED /* Storyboard.storyboard in Resources */ = {isa = PBXBuildFile; fileRef = 2C7E712314B817AB00A8F4ED /* Storyboard.storyboard */; };
		2C7E713114B82A5400A8F4ED /* second.storyboard in Resources */ = {isa = PBXBuildFile; fileRef = 2C7E713014B82A5400A8F4ED /* second.storyboard */; };
		4E0B698D18BC418E00526EC9 /* PlayVideoAllViewController.m in Sources */ = {isa = PBXBuildFile; fileRef = 4E0B698C18BC418E00526EC9 /* PlayVideoAllViewController.m */; };
		4E98B01F18B762FB00C54EE7 /* libBase64.a in Frameworks */ = {isa = PBXBuildFile; fileRef = 4E98B01818B762FB00C54EE7 /* libBase64.a */; };
		4E98B02118B762FB00C54EE7 /* libCyberPlayerUtils.a in Frameworks */ = {isa = PBXBuildFile; fileRef = 4E98B01A18B762FB00C54EE7 /* libCyberPlayerUtils.a */; };
		4E98B02218B762FB00C54EE7 /* libGzipCompressor.a in Frameworks */ = {isa = PBXBuildFile; fileRef = 4E98B01B18B762FB00C54EE7 /* libGzipCompressor.a */; };
		4E98B02418B762FB00C54EE7 /* libSBJSON.a in Frameworks */ = {isa = PBXBuildFile; fileRef = 4E98B01D18B762FB00C54EE7 /* libSBJSON.a */; };
		4EAB8AFB18B655AF00148DC7 /* libCyberPlayerController.a in Frameworks */ = {isa = PBXBuildFile; fileRef = 4EAB8AFA18B655AF00148DC7 /* libCyberPlayerController.a */; };
		4EFEFB8318B856C0009D8521 /* libASIHTTP.a in Frameworks */ = {isa = PBXBuildFile; fileRef = 4E98B01718B762FB00C54EE7 /* libASIHTTP.a */; };
		4EFEFB8418B856DC009D8521 /* libReachability.a in Frameworks */ = {isa = PBXBuildFile; fileRef = 4E98B01C18B762FB00C54EE7 /* libReachability.a */; };
		4EFF548518B74F920091BA84 /* OpenAL.framework in Frameworks */ = {isa = PBXBuildFile; fileRef = 4EFF548418B74F920091BA84 /* OpenAL.framework */; };
		4EFF548718B74F9F0091BA84 /* OpenGLES.framework in Frameworks */ = {isa = PBXBuildFile; fileRef = 4EFF548618B74F9F0091BA84 /* OpenGLES.framework */; };
		4EFF548918B74FB50091BA84 /* QuartzCore.framework in Frameworks */ = {isa = PBXBuildFile; fileRef = 4EFF548818B74FB50091BA84 /* QuartzCore.framework */; };
		4EFF548B18B74FCA0091BA84 /* libbz2.1.0.dylib in Frameworks */ = {isa = PBXBuildFile; fileRef = 4EFF548A18B74FCA0091BA84 /* libbz2.1.0.dylib */; };
		4EFF548D18B74FD50091BA84 /* AudioToolbox.framework in Frameworks */ = {isa = PBXBuildFile; fileRef = 4EFF548C18B74FD50091BA84 /* AudioToolbox.framework */; };
		D70B344B18AB686900EE3C60 /* JSONKit.m in Sources */ = {isa = PBXBuildFile; fileRef = D70B344A18AB686900EE3C60 /* JSONKit.m */; settings = {COMPILER_FLAGS = " -fno-objc-arc "; }; };
		D745E1F318911C49005DFC78 /* AreaListViewController.m in Sources */ = {isa = PBXBuildFile; fileRef = D745E1F218911C49005DFC78 /* AreaListViewController.m */; };
		D74CB0071893B2CA00C21DEA /* MapKit.framework in Frameworks */ = {isa = PBXBuildFile; fileRef = D74CB0061893B2CA00C21DEA /* MapKit.framework */; };
		D74CB00A1893BD1D00C21DEA /* CFNetwork.framework in Frameworks */ = {isa = PBXBuildFile; fileRef = D74CB0091893BD1D00C21DEA /* CFNetwork.framework */; };
		D75082DF188E3276001932C3 /* LoginViewController.xib in Resources */ = {isa = PBXBuildFile; fileRef = D75082DD188E3276001932C3 /* LoginViewController.xib */; };
		D75082E0188E3276001932C3 /* main.m in Sources */ = {isa = PBXBuildFile; fileRef = D75082DE188E3276001932C3 /* main.m */; };
		D75082E3188E4BDD001932C3 /* MapViewController.m in Sources */ = {isa = PBXBuildFile; fileRef = D75082E2188E4BDD001932C3 /* MapViewController.m */; };
		D75082E6188E4EBD001932C3 /* LiveViewController.m in Sources */ = {isa = PBXBuildFile; fileRef = D75082E5188E4EBD001932C3 /* LiveViewController.m */; };
		D75082E8188E5166001932C3 /* AreaViewController.m in Sources */ = {isa = PBXBuildFile; fileRef = D75082E7188E5166001932C3 /* AreaViewController.m */; };
		D7508334188E5513001932C3 /* anhui.html in Resources */ = {isa = PBXBuildFile; fileRef = D75082EA188E5513001932C3 /* anhui.html */; };
		D7508335188E5513001932C3 /* anhui.png in Resources */ = {isa = PBXBuildFile; fileRef = D75082EB188E5513001932C3 /* anhui.png */; };
		D7508336188E5513001932C3 /* aomen.html in Resources */ = {isa = PBXBuildFile; fileRef = D75082EC188E5513001932C3 /* aomen.html */; };
		D7508337188E5513001932C3 /* aomen.png in Resources */ = {isa = PBXBuildFile; fileRef = D75082ED188E5513001932C3 /* aomen.png */; };
		D7508338188E5513001932C3 /* beijing.html in Resources */ = {isa = PBXBuildFile; fileRef = D75082EE188E5513001932C3 /* beijing.html */; };
		D7508339188E5513001932C3 /* beijing.png in Resources */ = {isa = PBXBuildFile; fileRef = D75082EF188E5513001932C3 /* beijing.png */; };
		D750833A188E5513001932C3 /* chongqing.html in Resources */ = {isa = PBXBuildFile; fileRef = D75082F0188E5513001932C3 /* chongqing.html */; };
		D750833B188E5513001932C3 /* chongqing.png in Resources */ = {isa = PBXBuildFile; fileRef = D75082F1188E5513001932C3 /* chongqing.png */; };
		D750833C188E5513001932C3 /* common.js in Sources */ = {isa = PBXBuildFile; fileRef = D75082F2188E5513001932C3 /* common.js */; };
		D750833D188E5513001932C3 /* dt.jpg in Resources */ = {isa = PBXBuildFile; fileRef = D75082F3188E5513001932C3 /* dt.jpg */; };
		D750833E188E5513001932C3 /* fujian.html in Resources */ = {isa = PBXBuildFile; fileRef = D75082F4188E5513001932C3 /* fujian.html */; };
		D750833F188E5513001932C3 /* fujian.png in Resources */ = {isa = PBXBuildFile; fileRef = D75082F5188E5513001932C3 /* fujian.png */; };
		D7508340188E5513001932C3 /* gangshu.html in Resources */ = {isa = PBXBuildFile; fileRef = D75082F6188E5513001932C3 /* gangshu.html */; };
		D7508341188E5513001932C3 /* gangshu.png in Resources */ = {isa = PBXBuildFile; fileRef = D75082F7188E5513001932C3 /* gangshu.png */; };
		D7508342188E5513001932C3 /* guangdong.html in Resources */ = {isa = PBXBuildFile; fileRef = D75082F8188E5513001932C3 /* guangdong.html */; };
		D7508343188E5513001932C3 /* guangdong.png in Resources */ = {isa = PBXBuildFile; fileRef = D75082F9188E5513001932C3 /* guangdong.png */; };
		D7508344188E5513001932C3 /* guangxi.html in Resources */ = {isa = PBXBuildFile; fileRef = D75082FA188E5513001932C3 /* guangxi.html */; };
		D7508345188E5513001932C3 /* guangxi.png in Resources */ = {isa = PBXBuildFile; fileRef = D75082FB188E5513001932C3 /* guangxi.png */; };
		D7508346188E5513001932C3 /* guizhou.html in Resources */ = {isa = PBXBuildFile; fileRef = D75082FC188E5513001932C3 /* guizhou.html */; };
		D7508347188E5513001932C3 /* guizhou.png in Resources */ = {isa = PBXBuildFile; fileRef = D75082FD188E5513001932C3 /* guizhou.png */; };
		D7508348188E5513001932C3 /* hainan.html in Resources */ = {isa = PBXBuildFile; fileRef = D75082FE188E5513001932C3 /* hainan.html */; };
		D7508349188E5513001932C3 /* hainan.png in Resources */ = {isa = PBXBuildFile; fileRef = D75082FF188E5513001932C3 /* hainan.png */; };
		D750834A188E5513001932C3 /* hebei.html in Resources */ = {isa = PBXBuildFile; fileRef = D7508300188E5513001932C3 /* hebei.html */; };
		D750834B188E5513001932C3 /* hebei.png in Resources */ = {isa = PBXBuildFile; fileRef = D7508301188E5513001932C3 /* hebei.png */; };
		D750834C188E5513001932C3 /* heilongjian.html in Resources */ = {isa = PBXBuildFile; fileRef = D7508302188E5513001932C3 /* heilongjian.html */; };
		D750834D188E5513001932C3 /* heilongjian.png in Resources */ = {isa = PBXBuildFile; fileRef = D7508303188E5513001932C3 /* heilongjian.png */; };
		D750834E188E5513001932C3 /* henan.html in Resources */ = {isa = PBXBuildFile; fileRef = D7508304188E5513001932C3 /* henan.html */; };
		D750834F188E5513001932C3 /* henan.png in Resources */ = {isa = PBXBuildFile; fileRef = D7508305188E5513001932C3 /* henan.png */; };
		D7508350188E5513001932C3 /* hubei.html in Resources */ = {isa = PBXBuildFile; fileRef = D7508306188E5513001932C3 /* hubei.html */; };
		D7508351188E5513001932C3 /* hubei.png in Resources */ = {isa = PBXBuildFile; fileRef = D7508307188E5513001932C3 /* hubei.png */; };
		D7508352188E5513001932C3 /* hunan.html in Resources */ = {isa = PBXBuildFile; fileRef = D7508308188E5513001932C3 /* hunan.html */; };
		D7508353188E5513001932C3 /* hunan.png in Resources */ = {isa = PBXBuildFile; fileRef = D7508309188E5513001932C3 /* hunan.png */; };
		D7508354188E5513001932C3 /* jianshu.html in Resources */ = {isa = PBXBuildFile; fileRef = D750830A188E5513001932C3 /* jianshu.html */; };
		D7508355188E5513001932C3 /* jianshu.png in Resources */ = {isa = PBXBuildFile; fileRef = D750830B188E5513001932C3 /* jianshu.png */; };
		D7508356188E5513001932C3 /* jianxi.html in Resources */ = {isa = PBXBuildFile; fileRef = D750830C188E5513001932C3 /* jianxi.html */; };
		D7508357188E5513001932C3 /* jianxi.png in Resources */ = {isa = PBXBuildFile; fileRef = D750830D188E5513001932C3 /* jianxi.png */; };
		D7508358188E5513001932C3 /* jiling.html in Resources */ = {isa = PBXBuildFile; fileRef = D750830E188E5513001932C3 /* jiling.html */; };
		D7508359188E5513001932C3 /* jiling.png in Resources */ = {isa = PBXBuildFile; fileRef = D750830F188E5513001932C3 /* jiling.png */; };
		D750835A188E5513001932C3 /* liaoling.html in Resources */ = {isa = PBXBuildFile; fileRef = D7508310188E5513001932C3 /* liaoling.html */; };
		D750835B188E5513001932C3 /* liaoling.png in Resources */ = {isa = PBXBuildFile; fileRef = D7508311188E5513001932C3 /* liaoling.png */; };
		D750835C188E5513001932C3 /* lingxia.html in Resources */ = {isa = PBXBuildFile; fileRef = D7508312188E5513001932C3 /* lingxia.html */; };
		D750835D188E5513001932C3 /* lingxia.png in Resources */ = {isa = PBXBuildFile; fileRef = D7508313188E5513001932C3 /* lingxia.png */; };
		D750835E188E5513001932C3 /* map.html in Resources */ = {isa = PBXBuildFile; fileRef = D7508314188E5513001932C3 /* map.html */; };
		D750835F188E5513001932C3 /* neimengu.html in Resources */ = {isa = PBXBuildFile; fileRef = D7508315188E5513001932C3 /* neimengu.html */; };
		D7508360188E5513001932C3 /* neimengu.png in Resources */ = {isa = PBXBuildFile; fileRef = D7508316188E5513001932C3 /* neimengu.png */; };
		D7508361188E5513001932C3 /* qinghai.html in Resources */ = {isa = PBXBuildFile; fileRef = D7508317188E5513001932C3 /* qinghai.html */; };
		D7508362188E5513001932C3 /* qinghai.png in Resources */ = {isa = PBXBuildFile; fileRef = D7508318188E5513001932C3 /* qinghai.png */; };
		D7508363188E5513001932C3 /* sanxi.html in Resources */ = {isa = PBXBuildFile; fileRef = D7508319188E5513001932C3 /* sanxi.html */; };
		D7508364188E5513001932C3 /* sanxi.png in Resources */ = {isa = PBXBuildFile; fileRef = D750831A188E5513001932C3 /* sanxi.png */; };
		D7508365188E5513001932C3 /* shangdong.html in Resources */ = {isa = PBXBuildFile; fileRef = D750831B188E5513001932C3 /* shangdong.html */; };
		D7508366188E5513001932C3 /* shangdong.png in Resources */ = {isa = PBXBuildFile; fileRef = D750831C188E5513001932C3 /* shangdong.png */; };
		D7508367188E5513001932C3 /* shanghai.html in Resources */ = {isa = PBXBuildFile; fileRef = D750831D188E5513001932C3 /* shanghai.html */; };
		D7508368188E5513001932C3 /* shanghai.png in Resources */ = {isa = PBXBuildFile; fileRef = D750831E188E5513001932C3 /* shanghai.png */; };
		D7508369188E5513001932C3 /* shenzhen.html in Resources */ = {isa = PBXBuildFile; fileRef = D750831F188E5513001932C3 /* shenzhen.html */; };
		D750836A188E5513001932C3 /* shenzhen.png in Resources */ = {isa = PBXBuildFile; fileRef = D7508320188E5513001932C3 /* shenzhen.png */; };
		D750836B188E5513001932C3 /* shichuan.html in Resources */ = {isa = PBXBuildFile; fileRef = D7508321188E5513001932C3 /* shichuan.html */; };
		D750836C188E5513001932C3 /* shichuan.png in Resources */ = {isa = PBXBuildFile; fileRef = D7508322188E5513001932C3 /* shichuan.png */; };
		D750836D188E5513001932C3 /* sx.html in Resources */ = {isa = PBXBuildFile; fileRef = D7508323188E5513001932C3 /* sx.html */; };
		D750836E188E5513001932C3 /* sx.png in Resources */ = {isa = PBXBuildFile; fileRef = D7508324188E5513001932C3 /* sx.png */; };
		D750836F188E5513001932C3 /* taiwang.html in Resources */ = {isa = PBXBuildFile; fileRef = D7508325188E5513001932C3 /* taiwang.html */; };
		D7508370188E5513001932C3 /* taiwang.png in Resources */ = {isa = PBXBuildFile; fileRef = D7508326188E5513001932C3 /* taiwang.png */; };
		D7508371188E5513001932C3 /* Thumbs.db in Resources */ = {isa = PBXBuildFile; fileRef = D7508327188E5513001932C3 /* Thumbs.db */; };
		D7508372188E5513001932C3 /* tianjing.html in Resources */ = {isa = PBXBuildFile; fileRef = D7508328188E5513001932C3 /* tianjing.html */; };
		D7508373188E5513001932C3 /* tianjing.png in Resources */ = {isa = PBXBuildFile; fileRef = D7508329188E5513001932C3 /* tianjing.png */; };
		D7508374188E5513001932C3 /* xianggan.html in Resources */ = {isa = PBXBuildFile; fileRef = D750832A188E5513001932C3 /* xianggan.html */; };
		D7508375188E5513001932C3 /* xianggan.png in Resources */ = {isa = PBXBuildFile; fileRef = D750832B188E5513001932C3 /* xianggan.png */; };
		D7508376188E5513001932C3 /* xingjian.html in Resources */ = {isa = PBXBuildFile; fileRef = D750832C188E5513001932C3 /* xingjian.html */; };
		D7508377188E5513001932C3 /* xingjian.png in Resources */ = {isa = PBXBuildFile; fileRef = D750832D188E5513001932C3 /* xingjian.png */; };
		D7508378188E5513001932C3 /* xizhang.html in Resources */ = {isa = PBXBuildFile; fileRef = D750832E188E5513001932C3 /* xizhang.html */; };
		D7508379188E5513001932C3 /* xizhang.png in Resources */ = {isa = PBXBuildFile; fileRef = D750832F188E5513001932C3 /* xizhang.png */; };
		D750837A188E5513001932C3 /* yunnan.html in Resources */ = {isa = PBXBuildFile; fileRef = D7508330188E5513001932C3 /* yunnan.html */; };
		D750837B188E5513001932C3 /* yunnan.png in Resources */ = {isa = PBXBuildFile; fileRef = D7508331188E5513001932C3 /* yunnan.png */; };
		D750837C188E5513001932C3 /* zhejian.html in Resources */ = {isa = PBXBuildFile; fileRef = D7508332188E5513001932C3 /* zhejian.html */; };
		D750837D188E5513001932C3 /* zhejian.png in Resources */ = {isa = PBXBuildFile; fileRef = D7508333188E5513001932C3 /* zhejian.png */; };
		D750837E188E7B74001932C3 /* common.js in Resources */ = {isa = PBXBuildFile; fileRef = D75082F2188E5513001932C3 /* common.js */; };
		D752C23618AB269E0080FDB3 /* CommonFn.m in Sources */ = {isa = PBXBuildFile; fileRef = D752C23518AB269E0080FDB3 /* CommonFn.m */; };
		D7564C841892110100751373 /* Video.m in Sources */ = {isa = PBXBuildFile; fileRef = D7564C831892110100751373 /* Video.m */; };
		D7564C8818921B6100751373 /* VideoJson.m in Sources */ = {isa = PBXBuildFile; fileRef = D7564C8718921B6100751373 /* VideoJson.m */; };
		D7564C8B18925E5B00751373 /* Area.m in Sources */ = {isa = PBXBuildFile; fileRef = D7564C8A18925E5B00751373 /* Area.m */; };
		D7564C8E189261F400751373 /* VideoCat.m in Sources */ = {isa = PBXBuildFile; fileRef = D7564C8D189261F400751373 /* VideoCat.m */; };
		D75A61B31890F5B200BE5899 /* MobileCoreServices.framework in Frameworks */ = {isa = PBXBuildFile; fileRef = D75A61B21890F5B200BE5899 /* MobileCoreServices.framework */; };
		D75A61B51890F5BF00BE5899 /* SystemConfiguration.framework in Frameworks */ = {isa = PBXBuildFile; fileRef = D75A61B41890F5BF00BE5899 /* SystemConfiguration.framework */; };
		D75A61B71890F5CB00BE5899 /* Security.framework in Frameworks */ = {isa = PBXBuildFile; fileRef = D75A61B61890F5CB00BE5899 /* Security.framework */; };
		D765E21E18B72C9400BD20B1 /* CommonUIViewController.m in Sources */ = {isa = PBXBuildFile; fileRef = D765E21D18B72C9400BD20B1 /* CommonUIViewController.m */; };
		D765E22318B742BD00BD20B1 /* goback.png in Resources */ = {isa = PBXBuildFile; fileRef = D765E22018B742BD00BD20B1 /* goback.png */; };
		D765E22418B742BD00BD20B1 /* play.png in Resources */ = {isa = PBXBuildFile; fileRef = D765E22118B742BD00BD20B1 /* play.png */; };
		D765E22518B742BD00BD20B1 /* stop.png in Resources */ = {isa = PBXBuildFile; fileRef = D765E22218B742BD00BD20B1 /* stop.png */; };
		D76F3C7918B5B2A90088F44E /* PlayVideoController.m in Sources */ = {isa = PBXBuildFile; fileRef = D76F3C7818B5B2A80088F44E /* PlayVideoController.m */; };
		D76F3C7F18B5B7AC0088F44E /* nopic.png in Resources */ = {isa = PBXBuildFile; fileRef = D76F3C7D18B5B7AC0088F44E /* nopic.png */; };
		D76F3C8818B5B9970088F44E /* 37x-Checkmark.png in Resources */ = {isa = PBXBuildFile; fileRef = D76F3C8618B5B9970088F44E /* 37x-Checkmark.png */; };
		D76F3C8918B5B9970088F44E /* 37x-Checkmark@2x.png in Resources */ = {isa = PBXBuildFile; fileRef = D76F3C8718B5B9970088F44E /* 37x-Checkmark@2x.png */; };
		D76F3C9118B5D1BF0088F44E /* logo.png in Resources */ = {isa = PBXBuildFile; fileRef = D76F3C9018B5D1BF0088F44E /* logo.png */; };
		D76F3C9318B5D1CB0088F44E /* logo@2x.png in Resources */ = {isa = PBXBuildFile; fileRef = D76F3C9218B5D1CB0088F44E /* logo@2x.png */; };
		D77A24B318939F0B00E83DE9 /* MBProgressHUD.m in Sources */ = {isa = PBXBuildFile; fileRef = D77A24B218939F0B00E83DE9 /* MBProgressHUD.m */; };
		D77A24B81893A6B400E83DE9 /* ImageIO.framework in Frameworks */ = {isa = PBXBuildFile; fileRef = D77A24B71893A6B400E83DE9 /* ImageIO.framework */; };
		D781D09318B45BCF0005AA86 /* CatViewController.m in Sources */ = {isa = PBXBuildFile; fileRef = D781D09218B45BCF0005AA86 /* CatViewController.m */; };
		D7918F85188E2A77007E7762 /* FirstViewController.m in Sources */ = {isa = PBXBuildFile; fileRef = D7918F7C188E2A77007E7762 /* FirstViewController.m */; };
		D7918F86188E2A77007E7762 /* LoginViewController.m in Sources */ = {isa = PBXBuildFile; fileRef = D7918F7E188E2A77007E7762 /* LoginViewController.m */; };
		D7918F89188E2A77007E7762 /* swtplayerAppDelegate.m in Sources */ = {isa = PBXBuildFile; fileRef = D7918F84188E2A77007E7762 /* swtplayerAppDelegate.m */; };
		D7918F99188E2B04007E7762 /* InfoPlist.strings in Resources */ = {isa = PBXBuildFile; fileRef = D7918F93188E2B04007E7762 /* InfoPlist.strings */; };
		D7B2430B18B4B21500477865 /* VideodetailController.m in Sources */ = {isa = PBXBuildFile; fileRef = D7B2430A18B4B21500477865 /* VideodetailController.m */; };
		D7F8A6EE18A5C7C8007DB2DD /* libz.dylib in Frameworks */ = {isa = PBXBuildFile; fileRef = D7F8A6ED18A5C7C8007DB2DD /* libz.dylib */; };
		D7F8A70418A5CD59007DB2DD /* MKAnnotationView+WebCache.m in Sources */ = {isa = PBXBuildFile; fileRef = D7F8A6F118A5CD59007DB2DD /* MKAnnotationView+WebCache.m */; };
		D7F8A70518A5CD59007DB2DD /* SDImageCache.m in Sources */ = {isa = PBXBuildFile; fileRef = D7F8A6F318A5CD59007DB2DD /* SDImageCache.m */; };
		D7F8A70618A5CD59007DB2DD /* SDWebImageDecoder.m in Sources */ = {isa = PBXBuildFile; fileRef = D7F8A6F718A5CD59007DB2DD /* SDWebImageDecoder.m */; };
		D7F8A70718A5CD59007DB2DD /* SDWebImageDownloader.m in Sources */ = {isa = PBXBuildFile; fileRef = D7F8A6F918A5CD59007DB2DD /* SDWebImageDownloader.m */; };
		D7F8A70818A5CD59007DB2DD /* SDWebImageManager.m in Sources */ = {isa = PBXBuildFile; fileRef = D7F8A6FC18A5CD59007DB2DD /* SDWebImageManager.m */; };
		D7F8A70918A5CD59007DB2DD /* SDWebImagePrefetcher.m in Sources */ = {isa = PBXBuildFile; fileRef = D7F8A6FF18A5CD59007DB2DD /* SDWebImagePrefetcher.m */; };
		D7F8A70A18A5CD59007DB2DD /* UIButton+WebCache.m in Sources */ = {isa = PBXBuildFile; fileRef = D7F8A70118A5CD59007DB2DD /* UIButton+WebCache.m */; };
		D7F8A70B18A5CD59007DB2DD /* UIImageView+WebCache.m in Sources */ = {isa = PBXBuildFile; fileRef = D7F8A70318A5CD59007DB2DD /* UIImageView+WebCache.m */; };
		D7F8A70E18A5D635007DB2DD /* UIImage+UIImageExtras.m in Sources */ = {isa = PBXBuildFile; fileRef = D7F8A70D18A5D635007DB2DD /* UIImage+UIImageExtras.m */; };
		D7F8A71118A63526007DB2DD /* CustomCell.m in Sources */ = {isa = PBXBuildFile; fileRef = D7F8A71018A63526007DB2DD /* CustomCell.m */; };
		D7F8A71318A63559007DB2DD /* CustomCell.xib in Resources */ = {isa = PBXBuildFile; fileRef = D7F8A71218A63559007DB2DD /* CustomCell.xib */; };
/* End PBXBuildFile section */

/* Begin PBXFileReference section */
		2C7E710814B8170000A8F4ED /* 移动社文.app */ = {isa = PBXFileReference; explicitFileType = wrapper.application; includeInIndex = 0; path = "移动社文.app"; sourceTree = BUILT_PRODUCTS_DIR; };
		2C7E710C14B8170000A8F4ED /* UIKit.framework */ = {isa = PBXFileReference; lastKnownFileType = wrapper.framework; name = UIKit.framework; path = System/Library/Frameworks/UIKit.framework; sourceTree = SDKROOT; };
		2C7E710E14B8170000A8F4ED /* Foundation.framework */ = {isa = PBXFileReference; lastKnownFileType = wrapper.framework; name = Foundation.framework; path = System/Library/Frameworks/Foundation.framework; sourceTree = SDKROOT; };
		2C7E711014B8170000A8F4ED /* CoreGraphics.framework */ = {isa = PBXFileReference; lastKnownFileType = wrapper.framework; name = CoreGraphics.framework; path = System/Library/Frameworks/CoreGraphics.framework; sourceTree = SDKROOT; };
		2C7E712314B817AB00A8F4ED /* Storyboard.storyboard */ = {isa = PBXFileReference; fileEncoding = 4; lastKnownFileType = file.storyboard; path = Storyboard.storyboard; sourceTree = "<group>"; };
		2C7E713014B82A5400A8F4ED /* second.storyboard */ = {isa = PBXFileReference; fileEncoding = 4; lastKnownFileType = file.storyboard; path = second.storyboard; sourceTree = "<group>"; };
		4E0B698B18BC418E00526EC9 /* PlayVideoAllViewController.h */ = {isa = PBXFileReference; fileEncoding = 4; lastKnownFileType = sourcecode.c.h; path = PlayVideoAllViewController.h; sourceTree = "<group>"; };
		4E0B698C18BC418E00526EC9 /* PlayVideoAllViewController.m */ = {isa = PBXFileReference; fileEncoding = 4; lastKnownFileType = sourcecode.c.objc; path = PlayVideoAllViewController.m; sourceTree = "<group>"; };
		4E98B01618B762FB00C54EE7 /* CyberPlayerController.h */ = {isa = PBXFileReference; fileEncoding = 4; lastKnownFileType = sourcecode.c.h; path = CyberPlayerController.h; sourceTree = "<group>"; };
		4E98B01718B762FB00C54EE7 /* libASIHTTP.a */ = {isa = PBXFileReference; lastKnownFileType = archive.ar; path = libASIHTTP.a; sourceTree = "<group>"; };
		4E98B01818B762FB00C54EE7 /* libBase64.a */ = {isa = PBXFileReference; lastKnownFileType = archive.ar; path = libBase64.a; sourceTree = "<group>"; };
		4E98B01A18B762FB00C54EE7 /* libCyberPlayerUtils.a */ = {isa = PBXFileReference; lastKnownFileType = archive.ar; path = libCyberPlayerUtils.a; sourceTree = "<group>"; };
		4E98B01B18B762FB00C54EE7 /* libGzipCompressor.a */ = {isa = PBXFileReference; lastKnownFileType = archive.ar; path = libGzipCompressor.a; sourceTree = "<group>"; };
		4E98B01C18B762FB00C54EE7 /* libReachability.a */ = {isa = PBXFileReference; lastKnownFileType = archive.ar; path = libReachability.a; sourceTree = "<group>"; };
		4E98B01D18B762FB00C54EE7 /* libSBJSON.a */ = {isa = PBXFileReference; lastKnownFileType = archive.ar; path = libSBJSON.a; sourceTree = "<group>"; };
		4EAB8AFA18B655AF00148DC7 /* libCyberPlayerController.a */ = {isa = PBXFileReference; lastKnownFileType = archive.ar; path = libCyberPlayerController.a; sourceTree = "<group>"; };
		4EFF548418B74F920091BA84 /* OpenAL.framework */ = {isa = PBXFileReference; lastKnownFileType = wrapper.framework; name = OpenAL.framework; path = System/Library/Frameworks/OpenAL.framework; sourceTree = SDKROOT; };
		4EFF548618B74F9F0091BA84 /* OpenGLES.framework */ = {isa = PBXFileReference; lastKnownFileType = wrapper.framework; name = OpenGLES.framework; path = System/Library/Frameworks/OpenGLES.framework; sourceTree = SDKROOT; };
		4EFF548818B74FB50091BA84 /* QuartzCore.framework */ = {isa = PBXFileReference; lastKnownFileType = wrapper.framework; name = QuartzCore.framework; path = System/Library/Frameworks/QuartzCore.framework; sourceTree = SDKROOT; };
		4EFF548A18B74FCA0091BA84 /* libbz2.1.0.dylib */ = {isa = PBXFileReference; lastKnownFileType = "compiled.mach-o.dylib"; name = libbz2.1.0.dylib; path = usr/lib/libbz2.1.0.dylib; sourceTree = SDKROOT; };
		4EFF548C18B74FD50091BA84 /* AudioToolbox.framework */ = {isa = PBXFileReference; lastKnownFileType = wrapper.framework; name = AudioToolbox.framework; path = System/Library/Frameworks/AudioToolbox.framework; sourceTree = SDKROOT; };
		D70B344918AB686900EE3C60 /* JSONKit.h */ = {isa = PBXFileReference; fileEncoding = 4; lastKnownFileType = sourcecode.c.h; path = JSONKit.h; sourceTree = "<group>"; };
		D70B344A18AB686900EE3C60 /* JSONKit.m */ = {isa = PBXFileReference; fileEncoding = 4; lastKnownFileType = sourcecode.c.objc; path = JSONKit.m; sourceTree = "<group>"; };
		D745E1F118911C49005DFC78 /* AreaListViewController.h */ = {isa = PBXFileReference; fileEncoding = 4; lastKnownFileType = sourcecode.c.h; path = AreaListViewController.h; sourceTree = "<group>"; };
		D745E1F218911C49005DFC78 /* AreaListViewController.m */ = {isa = PBXFileReference; fileEncoding = 4; lastKnownFileType = sourcecode.c.objc; path = AreaListViewController.m; sourceTree = "<group>"; };
		D74CB0061893B2CA00C21DEA /* MapKit.framework */ = {isa = PBXFileReference; lastKnownFileType = wrapper.framework; name = MapKit.framework; path = System/Library/Frameworks/MapKit.framework; sourceTree = SDKROOT; };
		D74CB0091893BD1D00C21DEA /* CFNetwork.framework */ = {isa = PBXFileReference; lastKnownFileType = wrapper.framework; name = CFNetwork.framework; path = System/Library/Frameworks/CFNetwork.framework; sourceTree = SDKROOT; };
		D74CB0231893BE8D00C21DEA /* ASIAuthenticationDialog.h */ = {isa = PBXFileReference; fileEncoding = 4; lastKnownFileType = sourcecode.c.h; path = ASIAuthenticationDialog.h; sourceTree = "<group>"; };
		D74CB0241893BE8D00C21DEA /* ASIAuthenticationDialog.m */ = {isa = PBXFileReference; fileEncoding = 4; lastKnownFileType = sourcecode.c.objc; path = ASIAuthenticationDialog.m; sourceTree = "<group>"; };
		D74CB0251893BE8D00C21DEA /* ASICacheDelegate.h */ = {isa = PBXFileReference; fileEncoding = 4; lastKnownFileType = sourcecode.c.h; path = ASICacheDelegate.h; sourceTree = "<group>"; };
		D74CB0261893BE8D00C21DEA /* ASIDataCompressor.h */ = {isa = PBXFileReference; fileEncoding = 4; lastKnownFileType = sourcecode.c.h; path = ASIDataCompressor.h; sourceTree = "<group>"; };
		D74CB0271893BE8D00C21DEA /* ASIDataCompressor.m */ = {isa = PBXFileReference; fileEncoding = 4; lastKnownFileType = sourcecode.c.objc; path = ASIDataCompressor.m; sourceTree = "<group>"; };
		D74CB0281893BE8D00C21DEA /* ASIDataDecompressor.h */ = {isa = PBXFileReference; fileEncoding = 4; lastKnownFileType = sourcecode.c.h; path = ASIDataDecompressor.h; sourceTree = "<group>"; };
		D74CB0291893BE8D00C21DEA /* ASIDataDecompressor.m */ = {isa = PBXFileReference; fileEncoding = 4; lastKnownFileType = sourcecode.c.objc; path = ASIDataDecompressor.m; sourceTree = "<group>"; };
		D74CB02A1893BE8D00C21DEA /* ASIDownloadCache.h */ = {isa = PBXFileReference; fileEncoding = 4; lastKnownFileType = sourcecode.c.h; path = ASIDownloadCache.h; sourceTree = "<group>"; };
		D74CB02B1893BE8D00C21DEA /* ASIDownloadCache.m */ = {isa = PBXFileReference; fileEncoding = 4; lastKnownFileType = sourcecode.c.objc; path = ASIDownloadCache.m; sourceTree = "<group>"; };
		D74CB02C1893BE8D00C21DEA /* ASIFormDataRequest.h */ = {isa = PBXFileReference; fileEncoding = 4; lastKnownFileType = sourcecode.c.h; path = ASIFormDataRequest.h; sourceTree = "<group>"; };
		D74CB02D1893BE8D00C21DEA /* ASIFormDataRequest.m */ = {isa = PBXFileReference; fileEncoding = 4; lastKnownFileType = sourcecode.c.objc; path = ASIFormDataRequest.m; sourceTree = "<group>"; };
		D74CB02E1893BE8D00C21DEA /* ASIHTTPRequest.h */ = {isa = PBXFileReference; fileEncoding = 4; lastKnownFileType = sourcecode.c.h; path = ASIHTTPRequest.h; sourceTree = "<group>"; };
		D74CB02F1893BE8D00C21DEA /* ASIHTTPRequest.m */ = {isa = PBXFileReference; fileEncoding = 4; lastKnownFileType = sourcecode.c.objc; path = ASIHTTPRequest.m; sourceTree = "<group>"; };
		D74CB0301893BE8D00C21DEA /* ASIHTTPRequestConfig.h */ = {isa = PBXFileReference; fileEncoding = 4; lastKnownFileType = sourcecode.c.h; path = ASIHTTPRequestConfig.h; sourceTree = "<group>"; };
		D74CB0311893BE8D00C21DEA /* ASIHTTPRequestDelegate.h */ = {isa = PBXFileReference; fileEncoding = 4; lastKnownFileType = sourcecode.c.h; path = ASIHTTPRequestDelegate.h; sourceTree = "<group>"; };
		D74CB0321893BE8D00C21DEA /* ASIInputStream.h */ = {isa = PBXFileReference; fileEncoding = 4; lastKnownFileType = sourcecode.c.h; path = ASIInputStream.h; sourceTree = "<group>"; };
		D74CB0331893BE8D00C21DEA /* ASIInputStream.m */ = {isa = PBXFileReference; fileEncoding = 4; lastKnownFileType = sourcecode.c.objc; path = ASIInputStream.m; sourceTree = "<group>"; };
		D74CB0341893BE8D00C21DEA /* ASINetworkQueue.h */ = {isa = PBXFileReference; fileEncoding = 4; lastKnownFileType = sourcecode.c.h; path = ASINetworkQueue.h; sourceTree = "<group>"; };
		D74CB0351893BE8D00C21DEA /* ASINetworkQueue.m */ = {isa = PBXFileReference; fileEncoding = 4; lastKnownFileType = sourcecode.c.objc; path = ASINetworkQueue.m; sourceTree = "<group>"; };
		D74CB0361893BE8D00C21DEA /* ASIProgressDelegate.h */ = {isa = PBXFileReference; fileEncoding = 4; lastKnownFileType = sourcecode.c.h; path = ASIProgressDelegate.h; sourceTree = "<group>"; };
		D74CB0371893BE8D00C21DEA /* Reachability.h */ = {isa = PBXFileReference; fileEncoding = 4; lastKnownFileType = sourcecode.c.h; path = Reachability.h; sourceTree = "<group>"; };
		D74CB0381893BE8D00C21DEA /* Reachability.m */ = {isa = PBXFileReference; fileEncoding = 4; lastKnownFileType = sourcecode.c.objc; path = Reachability.m; sourceTree = "<group>"; };
		D75082DD188E3276001932C3 /* LoginViewController.xib */ = {isa = PBXFileReference; fileEncoding = 4; lastKnownFileType = file.xib; path = LoginViewController.xib; sourceTree = "<group>"; };
		D75082DE188E3276001932C3 /* main.m */ = {isa = PBXFileReference; fileEncoding = 4; lastKnownFileType = sourcecode.c.objc; path = main.m; sourceTree = "<group>"; };
		D75082E1188E4BDD001932C3 /* MapViewController.h */ = {isa = PBXFileReference; fileEncoding = 4; lastKnownFileType = sourcecode.c.h; path = MapViewController.h; sourceTree = "<group>"; };
		D75082E2188E4BDD001932C3 /* MapViewController.m */ = {isa = PBXFileReference; fileEncoding = 4; lastKnownFileType = sourcecode.c.objc; path = MapViewController.m; sourceTree = "<group>"; };
		D75082E4188E4EBD001932C3 /* LiveViewController.h */ = {isa = PBXFileReference; fileEncoding = 4; lastKnownFileType = sourcecode.c.h; path = LiveViewController.h; sourceTree = "<group>"; };
		D75082E5188E4EBD001932C3 /* LiveViewController.m */ = {isa = PBXFileReference; fileEncoding = 4; lastKnownFileType = sourcecode.c.objc; path = LiveViewController.m; sourceTree = "<group>"; };
		D75082E7188E5166001932C3 /* AreaViewController.m */ = {isa = PBXFileReference; fileEncoding = 4; lastKnownFileType = sourcecode.c.objc; path = AreaViewController.m; sourceTree = "<group>"; };
		D75082EA188E5513001932C3 /* anhui.html */ = {isa = PBXFileReference; fileEncoding = 4; lastKnownFileType = text.html; path = anhui.html; sourceTree = "<group>"; };
		D75082EB188E5513001932C3 /* anhui.png */ = {isa = PBXFileReference; lastKnownFileType = image.png; path = anhui.png; sourceTree = "<group>"; };
		D75082EC188E5513001932C3 /* aomen.html */ = {isa = PBXFileReference; fileEncoding = 4; lastKnownFileType = text.html; path = aomen.html; sourceTree = "<group>"; };
		D75082ED188E5513001932C3 /* aomen.png */ = {isa = PBXFileReference; lastKnownFileType = image.png; path = aomen.png; sourceTree = "<group>"; };
		D75082EE188E5513001932C3 /* beijing.html */ = {isa = PBXFileReference; fileEncoding = 4; lastKnownFileType = text.html; path = beijing.html; sourceTree = "<group>"; };
		D75082EF188E5513001932C3 /* beijing.png */ = {isa = PBXFileReference; lastKnownFileType = image.png; path = beijing.png; sourceTree = "<group>"; };
		D75082F0188E5513001932C3 /* chongqing.html */ = {isa = PBXFileReference; fileEncoding = 4; lastKnownFileType = text.html; path = chongqing.html; sourceTree = "<group>"; };
		D75082F1188E5513001932C3 /* chongqing.png */ = {isa = PBXFileReference; lastKnownFileType = image.png; path = chongqing.png; sourceTree = "<group>"; };
		D75082F2188E5513001932C3 /* common.js */ = {isa = PBXFileReference; fileEncoding = 4; lastKnownFileType = sourcecode.javascript; path = common.js; sourceTree = "<group>"; };
		D75082F3188E5513001932C3 /* dt.jpg */ = {isa = PBXFileReference; lastKnownFileType = image.jpeg; path = dt.jpg; sourceTree = "<group>"; };
		D75082F4188E5513001932C3 /* fujian.html */ = {isa = PBXFileReference; fileEncoding = 4; lastKnownFileType = text.html; path = fujian.html; sourceTree = "<group>"; };
		D75082F5188E5513001932C3 /* fujian.png */ = {isa = PBXFileReference; lastKnownFileType = image.png; path = fujian.png; sourceTree = "<group>"; };
		D75082F6188E5513001932C3 /* gangshu.html */ = {isa = PBXFileReference; fileEncoding = 4; lastKnownFileType = text.html; path = gangshu.html; sourceTree = "<group>"; };
		D75082F7188E5513001932C3 /* gangshu.png */ = {isa = PBXFileReference; lastKnownFileType = image.png; path = gangshu.png; sourceTree = "<group>"; };
		D75082F8188E5513001932C3 /* guangdong.html */ = {isa = PBXFileReference; fileEncoding = 4; lastKnownFileType = text.html; path = guangdong.html; sourceTree = "<group>"; };
		D75082F9188E5513001932C3 /* guangdong.png */ = {isa = PBXFileReference; lastKnownFileType = image.png; path = guangdong.png; sourceTree = "<group>"; };
		D75082FA188E5513001932C3 /* guangxi.html */ = {isa = PBXFileReference; fileEncoding = 4; lastKnownFileType = text.html; path = guangxi.html; sourceTree = "<group>"; };
		D75082FB188E5513001932C3 /* guangxi.png */ = {isa = PBXFileReference; lastKnownFileType = image.png; path = guangxi.png; sourceTree = "<group>"; };
		D75082FC188E5513001932C3 /* guizhou.html */ = {isa = PBXFileReference; fileEncoding = 4; lastKnownFileType = text.html; path = guizhou.html; sourceTree = "<group>"; };
		D75082FD188E5513001932C3 /* guizhou.png */ = {isa = PBXFileReference; lastKnownFileType = image.png; path = guizhou.png; sourceTree = "<group>"; };
		D75082FE188E5513001932C3 /* hainan.html */ = {isa = PBXFileReference; fileEncoding = 4; lastKnownFileType = text.html; path = hainan.html; sourceTree = "<group>"; };
		D75082FF188E5513001932C3 /* hainan.png */ = {isa = PBXFileReference; lastKnownFileType = image.png; path = hainan.png; sourceTree = "<group>"; };
		D7508300188E5513001932C3 /* hebei.html */ = {isa = PBXFileReference; fileEncoding = 4; lastKnownFileType = text.html; path = hebei.html; sourceTree = "<group>"; };
		D7508301188E5513001932C3 /* hebei.png */ = {isa = PBXFileReference; lastKnownFileType = image.png; path = hebei.png; sourceTree = "<group>"; };
		D7508302188E5513001932C3 /* heilongjian.html */ = {isa = PBXFileReference; fileEncoding = 4; lastKnownFileType = text.html; path = heilongjian.html; sourceTree = "<group>"; };
		D7508303188E5513001932C3 /* heilongjian.png */ = {isa = PBXFileReference; lastKnownFileType = image.png; path = heilongjian.png; sourceTree = "<group>"; };
		D7508304188E5513001932C3 /* henan.html */ = {isa = PBXFileReference; fileEncoding = 4; lastKnownFileType = text.html; path = henan.html; sourceTree = "<group>"; };
		D7508305188E5513001932C3 /* henan.png */ = {isa = PBXFileReference; lastKnownFileType = image.png; path = henan.png; sourceTree = "<group>"; };
		D7508306188E5513001932C3 /* hubei.html */ = {isa = PBXFileReference; fileEncoding = 4; lastKnownFileType = text.html; path = hubei.html; sourceTree = "<group>"; };
		D7508307188E5513001932C3 /* hubei.png */ = {isa = PBXFileReference; lastKnownFileType = image.png; path = hubei.png; sourceTree = "<group>"; };
		D7508308188E5513001932C3 /* hunan.html */ = {isa = PBXFileReference; fileEncoding = 4; lastKnownFileType = text.html; path = hunan.html; sourceTree = "<group>"; };
		D7508309188E5513001932C3 /* hunan.png */ = {isa = PBXFileReference; lastKnownFileType = image.png; path = hunan.png; sourceTree = "<group>"; };
		D750830A188E5513001932C3 /* jianshu.html */ = {isa = PBXFileReference; fileEncoding = 4; lastKnownFileType = text.html; path = jianshu.html; sourceTree = "<group>"; };
		D750830B188E5513001932C3 /* jianshu.png */ = {isa = PBXFileReference; lastKnownFileType = image.png; path = jianshu.png; sourceTree = "<group>"; };
		D750830C188E5513001932C3 /* jianxi.html */ = {isa = PBXFileReference; fileEncoding = 4; lastKnownFileType = text.html; path = jianxi.html; sourceTree = "<group>"; };
		D750830D188E5513001932C3 /* jianxi.png */ = {isa = PBXFileReference; lastKnownFileType = image.png; path = jianxi.png; sourceTree = "<group>"; };
		D750830E188E5513001932C3 /* jiling.html */ = {isa = PBXFileReference; fileEncoding = 4; lastKnownFileType = text.html; path = jiling.html; sourceTree = "<group>"; };
		D750830F188E5513001932C3 /* jiling.png */ = {isa = PBXFileReference; lastKnownFileType = image.png; path = jiling.png; sourceTree = "<group>"; };
		D7508310188E5513001932C3 /* liaoling.html */ = {isa = PBXFileReference; fileEncoding = 4; lastKnownFileType = text.html; path = liaoling.html; sourceTree = "<group>"; };
		D7508311188E5513001932C3 /* liaoling.png */ = {isa = PBXFileReference; lastKnownFileType = image.png; path = liaoling.png; sourceTree = "<group>"; };
		D7508312188E5513001932C3 /* lingxia.html */ = {isa = PBXFileReference; fileEncoding = 4; lastKnownFileType = text.html; path = lingxia.html; sourceTree = "<group>"; };
		D7508313188E5513001932C3 /* lingxia.png */ = {isa = PBXFileReference; lastKnownFileType = image.png; path = lingxia.png; sourceTree = "<group>"; };
		D7508314188E5513001932C3 /* map.html */ = {isa = PBXFileReference; fileEncoding = 4; lastKnownFileType = text.html; path = map.html; sourceTree = "<group>"; };
		D7508315188E5513001932C3 /* neimengu.html */ = {isa = PBXFileReference; fileEncoding = 4; lastKnownFileType = text.html; path = neimengu.html; sourceTree = "<group>"; };
		D7508316188E5513001932C3 /* neimengu.png */ = {isa = PBXFileReference; lastKnownFileType = image.png; path = neimengu.png; sourceTree = "<group>"; };
		D7508317188E5513001932C3 /* qinghai.html */ = {isa = PBXFileReference; fileEncoding = 4; lastKnownFileType = text.html; path = qinghai.html; sourceTree = "<group>"; };
		D7508318188E5513001932C3 /* qinghai.png */ = {isa = PBXFileReference; lastKnownFileType = image.png; path = qinghai.png; sourceTree = "<group>"; };
		D7508319188E5513001932C3 /* sanxi.html */ = {isa = PBXFileReference; fileEncoding = 4; lastKnownFileType = text.html; path = sanxi.html; sourceTree = "<group>"; };
		D750831A188E5513001932C3 /* sanxi.png */ = {isa = PBXFileReference; lastKnownFileType = image.png; path = sanxi.png; sourceTree = "<group>"; };
		D750831B188E5513001932C3 /* shangdong.html */ = {isa = PBXFileReference; fileEncoding = 4; lastKnownFileType = text.html; path = shangdong.html; sourceTree = "<group>"; };
		D750831C188E5513001932C3 /* shangdong.png */ = {isa = PBXFileReference; lastKnownFileType = image.png; path = shangdong.png; sourceTree = "<group>"; };
		D750831D188E5513001932C3 /* shanghai.html */ = {isa = PBXFileReference; fileEncoding = 4; lastKnownFileType = text.html; path = shanghai.html; sourceTree = "<group>"; };
		D750831E188E5513001932C3 /* shanghai.png */ = {isa = PBXFileReference; lastKnownFileType = image.png; path = shanghai.png; sourceTree = "<group>"; };
		D750831F188E5513001932C3 /* shenzhen.html */ = {isa = PBXFileReference; fileEncoding = 4; lastKnownFileType = text.html; path = shenzhen.html; sourceTree = "<group>"; };
		D7508320188E5513001932C3 /* shenzhen.png */ = {isa = PBXFileReference; lastKnownFileType = image.png; path = shenzhen.png; sourceTree = "<group>"; };
		D7508321188E5513001932C3 /* shichuan.html */ = {isa = PBXFileReference; fileEncoding = 4; lastKnownFileType = text.html; path = shichuan.html; sourceTree = "<group>"; };
		D7508322188E5513001932C3 /* shichuan.png */ = {isa = PBXFileReference; lastKnownFileType = image.png; path = shichuan.png; sourceTree = "<group>"; };
		D7508323188E5513001932C3 /* sx.html */ = {isa = PBXFileReference; fileEncoding = 4; lastKnownFileType = text.html; path = sx.html; sourceTree = "<group>"; };
		D7508324188E5513001932C3 /* sx.png */ = {isa = PBXFileReference; lastKnownFileType = image.png; path = sx.png; sourceTree = "<group>"; };
		D7508325188E5513001932C3 /* taiwang.html */ = {isa = PBXFileReference; fileEncoding = 4; lastKnownFileType = text.html; path = taiwang.html; sourceTree = "<group>"; };
		D7508326188E5513001932C3 /* taiwang.png */ = {isa = PBXFileReference; lastKnownFileType = image.png; path = taiwang.png; sourceTree = "<group>"; };
		D7508327188E5513001932C3 /* Thumbs.db */ = {isa = PBXFileReference; lastKnownFileType = file; path = Thumbs.db; sourceTree = "<group>"; };
		D7508328188E5513001932C3 /* tianjing.html */ = {isa = PBXFileReference; fileEncoding = 4; lastKnownFileType = text.html; path = tianjing.html; sourceTree = "<group>"; };
		D7508329188E5513001932C3 /* tianjing.png */ = {isa = PBXFileReference; lastKnownFileType = image.png; path = tianjing.png; sourceTree = "<group>"; };
		D750832A188E5513001932C3 /* xianggan.html */ = {isa = PBXFileReference; fileEncoding = 4; lastKnownFileType = text.html; path = xianggan.html; sourceTree = "<group>"; };
		D750832B188E5513001932C3 /* xianggan.png */ = {isa = PBXFileReference; lastKnownFileType = image.png; path = xianggan.png; sourceTree = "<group>"; };
		D750832C188E5513001932C3 /* xingjian.html */ = {isa = PBXFileReference; fileEncoding = 4; lastKnownFileType = text.html; path = xingjian.html; sourceTree = "<group>"; };
		D750832D188E5513001932C3 /* xingjian.png */ = {isa = PBXFileReference; lastKnownFileType = image.png; path = xingjian.png; sourceTree = "<group>"; };
		D750832E188E5513001932C3 /* xizhang.html */ = {isa = PBXFileReference; fileEncoding = 4; lastKnownFileType = text.html; path = xizhang.html; sourceTree = "<group>"; };
		D750832F188E5513001932C3 /* xizhang.png */ = {isa = PBXFileReference; lastKnownFileType = image.png; path = xizhang.png; sourceTree = "<group>"; };
		D7508330188E5513001932C3 /* yunnan.html */ = {isa = PBXFileReference; fileEncoding = 4; lastKnownFileType = text.html; path = yunnan.html; sourceTree = "<group>"; };
		D7508331188E5513001932C3 /* yunnan.png */ = {isa = PBXFileReference; lastKnownFileType = image.png; path = yunnan.png; sourceTree = "<group>"; };
		D7508332188E5513001932C3 /* zhejian.html */ = {isa = PBXFileReference; fileEncoding = 4; lastKnownFileType = text.html; path = zhejian.html; sourceTree = "<group>"; };
		D7508333188E5513001932C3 /* zhejian.png */ = {isa = PBXFileReference; lastKnownFileType = image.png; path = zhejian.png; sourceTree = "<group>"; };
		D752C23418AB269E0080FDB3 /* CommonFn.h */ = {isa = PBXFileReference; fileEncoding = 4; lastKnownFileType = sourcecode.c.h; path = CommonFn.h; sourceTree = "<group>"; };
		D752C23518AB269E0080FDB3 /* CommonFn.m */ = {isa = PBXFileReference; fileEncoding = 4; lastKnownFileType = sourcecode.c.objc; path = CommonFn.m; sourceTree = "<group>"; };
		D7564C821892110100751373 /* Video.h */ = {isa = PBXFileReference; fileEncoding = 4; lastKnownFileType = sourcecode.c.h; path = Video.h; sourceTree = "<group>"; };
		D7564C831892110100751373 /* Video.m */ = {isa = PBXFileReference; fileEncoding = 4; lastKnownFileType = sourcecode.c.objc; path = Video.m; sourceTree = "<group>"; };
		D7564C8618921B6100751373 /* VideoJson.h */ = {isa = PBXFileReference; fileEncoding = 4; lastKnownFileType = sourcecode.c.h; path = VideoJson.h; sourceTree = "<group>"; };
		D7564C8718921B6100751373 /* VideoJson.m */ = {isa = PBXFileReference; fileEncoding = 4; lastKnownFileType = sourcecode.c.objc; path = VideoJson.m; sourceTree = "<group>"; };
		D7564C8918925E5B00751373 /* Area.h */ = {isa = PBXFileReference; fileEncoding = 4; lastKnownFileType = sourcecode.c.h; path = Area.h; sourceTree = "<group>"; };
		D7564C8A18925E5B00751373 /* Area.m */ = {isa = PBXFileReference; fileEncoding = 4; lastKnownFileType = sourcecode.c.objc; path = Area.m; sourceTree = "<group>"; };
		D7564C8C189261F300751373 /* VideoCat.h */ = {isa = PBXFileReference; fileEncoding = 4; lastKnownFileType = sourcecode.c.h; path = VideoCat.h; sourceTree = "<group>"; };
		D7564C8D189261F400751373 /* VideoCat.m */ = {isa = PBXFileReference; fileEncoding = 4; lastKnownFileType = sourcecode.c.objc; path = VideoCat.m; sourceTree = "<group>"; };
		D75A61B21890F5B200BE5899 /* MobileCoreServices.framework */ = {isa = PBXFileReference; lastKnownFileType = wrapper.framework; name = MobileCoreServices.framework; path = System/Library/Frameworks/MobileCoreServices.framework; sourceTree = SDKROOT; };
		D75A61B41890F5BF00BE5899 /* SystemConfiguration.framework */ = {isa = PBXFileReference; lastKnownFileType = wrapper.framework; name = SystemConfiguration.framework; path = System/Library/Frameworks/SystemConfiguration.framework; sourceTree = SDKROOT; };
		D75A61B61890F5CB00BE5899 /* Security.framework */ = {isa = PBXFileReference; lastKnownFileType = wrapper.framework; name = Security.framework; path = System/Library/Frameworks/Security.framework; sourceTree = SDKROOT; };
		D765E21C18B72C9400BD20B1 /* CommonUIViewController.h */ = {isa = PBXFileReference; fileEncoding = 4; lastKnownFileType = sourcecode.c.h; path = CommonUIViewController.h; sourceTree = "<group>"; };
		D765E21D18B72C9400BD20B1 /* CommonUIViewController.m */ = {isa = PBXFileReference; fileEncoding = 4; lastKnownFileType = sourcecode.c.objc; path = CommonUIViewController.m; sourceTree = "<group>"; };
		D765E22018B742BD00BD20B1 /* goback.png */ = {isa = PBXFileReference; lastKnownFileType = image.png; path = goback.png; sourceTree = "<group>"; };
		D765E22118B742BD00BD20B1 /* play.png */ = {isa = PBXFileReference; lastKnownFileType = image.png; path = play.png; sourceTree = "<group>"; };
		D765E22218B742BD00BD20B1 /* stop.png */ = {isa = PBXFileReference; lastKnownFileType = image.png; path = stop.png; sourceTree = "<group>"; };
		D76F3C7718B5B2A80088F44E /* PlayVideoController.h */ = {isa = PBXFileReference; fileEncoding = 4; lastKnownFileType = sourcecode.c.h; path = PlayVideoController.h; sourceTree = "<group>"; };
		D76F3C7818B5B2A80088F44E /* PlayVideoController.m */ = {isa = PBXFileReference; fileEncoding = 4; lastKnownFileType = sourcecode.c.objc; path = PlayVideoController.m; sourceTree = "<group>"; };
		D76F3C7D18B5B7AC0088F44E /* nopic.png */ = {isa = PBXFileReference; lastKnownFileType = image.png; path = nopic.png; sourceTree = "<group>"; };
		D76F3C8618B5B9970088F44E /* 37x-Checkmark.png */ = {isa = PBXFileReference; lastKnownFileType = image.png; path = "37x-Checkmark.png"; sourceTree = "<group>"; };
		D76F3C8718B5B9970088F44E /* 37x-Checkmark@2x.png */ = {isa = PBXFileReference; lastKnownFileType = image.png; path = "37x-Checkmark@2x.png"; sourceTree = "<group>"; };
		D76F3C9018B5D1BF0088F44E /* logo.png */ = {isa = PBXFileReference; lastKnownFileType = image.png; path = logo.png; sourceTree = "<group>"; };
		D76F3C9218B5D1CB0088F44E /* logo@2x.png */ = {isa = PBXFileReference; lastKnownFileType = image.png; path = "logo@2x.png"; sourceTree = "<group>"; };
		D77A24B118939F0B00E83DE9 /* MBProgressHUD.h */ = {isa = PBXFileReference; fileEncoding = 4; lastKnownFileType = sourcecode.c.h; path = MBProgressHUD.h; sourceTree = "<group>"; };
		D77A24B218939F0B00E83DE9 /* MBProgressHUD.m */ = {isa = PBXFileReference; fileEncoding = 4; lastKnownFileType = sourcecode.c.objc; path = MBProgressHUD.m; sourceTree = "<group>"; };
		D77A24B71893A6B400E83DE9 /* ImageIO.framework */ = {isa = PBXFileReference; lastKnownFileType = wrapper.framework; name = ImageIO.framework; path = System/Library/Frameworks/ImageIO.framework; sourceTree = SDKROOT; };
		D781D09118B45BCF0005AA86 /* CatViewController.h */ = {isa = PBXFileReference; fileEncoding = 4; lastKnownFileType = sourcecode.c.h; path = CatViewController.h; sourceTree = "<group>"; };
		D781D09218B45BCF0005AA86 /* CatViewController.m */ = {isa = PBXFileReference; fileEncoding = 4; lastKnownFileType = sourcecode.c.objc; path = CatViewController.m; sourceTree = "<group>"; };
		D7918F7B188E2A77007E7762 /* FirstViewController.h */ = {isa = PBXFileReference; fileEncoding = 4; lastKnownFileType = sourcecode.c.h; name = FirstViewController.h; path = swtplayer/FirstViewController.h; sourceTree = SOURCE_ROOT; };
		D7918F7C188E2A77007E7762 /* FirstViewController.m */ = {isa = PBXFileReference; fileEncoding = 4; lastKnownFileType = sourcecode.c.objc; name = FirstViewController.m; path = swtplayer/FirstViewController.m; sourceTree = SOURCE_ROOT; };
		D7918F7D188E2A77007E7762 /* LoginViewController.h */ = {isa = PBXFileReference; fileEncoding = 4; lastKnownFileType = sourcecode.c.h; name = LoginViewController.h; path = swtplayer/LoginViewController.h; sourceTree = SOURCE_ROOT; };
		D7918F7E188E2A77007E7762 /* LoginViewController.m */ = {isa = PBXFileReference; fileEncoding = 4; lastKnownFileType = sourcecode.c.objc; name = LoginViewController.m; path = swtplayer/LoginViewController.m; sourceTree = SOURCE_ROOT; };
		D7918F7F188E2A77007E7762 /* AreaViewController.h */ = {isa = PBXFileReference; fileEncoding = 4; lastKnownFileType = sourcecode.c.h; name = AreaViewController.h; path = swtplayer/AreaViewController.h; sourceTree = SOURCE_ROOT; };
		D7918F81188E2A77007E7762 /* swtplayer-Info.plist */ = {isa = PBXFileReference; fileEncoding = 4; lastKnownFileType = text.plist.xml; name = "swtplayer-Info.plist"; path = "swtplayer/swtplayer-Info.plist"; sourceTree = SOURCE_ROOT; };
		D7918F82188E2A77007E7762 /* swtplayer-Prefix.pch */ = {isa = PBXFileReference; fileEncoding = 4; lastKnownFileType = sourcecode.c.h; name = "swtplayer-Prefix.pch"; path = "swtplayer/swtplayer-Prefix.pch"; sourceTree = SOURCE_ROOT; };
		D7918F83188E2A77007E7762 /* swtplayerAppDelegate.h */ = {isa = PBXFileReference; fileEncoding = 4; lastKnownFileType = sourcecode.c.h; name = swtplayerAppDelegate.h; path = swtplayer/swtplayerAppDelegate.h; sourceTree = SOURCE_ROOT; };
		D7918F84188E2A77007E7762 /* swtplayerAppDelegate.m */ = {isa = PBXFileReference; fileEncoding = 4; lastKnownFileType = sourcecode.c.objc; name = swtplayerAppDelegate.m; path = swtplayer/swtplayerAppDelegate.m; sourceTree = SOURCE_ROOT; };
		D7918F94188E2B04007E7762 /* en */ = {isa = PBXFileReference; lastKnownFileType = text.plist.strings; name = en; path = swtplayer/en.lproj/InfoPlist.strings; sourceTree = "<group>"; };
		D7B2430918B4B21500477865 /* VideodetailController.h */ = {isa = PBXFileReference; fileEncoding = 4; lastKnownFileType = sourcecode.c.h; path = VideodetailController.h; sourceTree = "<group>"; };
		D7B2430A18B4B21500477865 /* VideodetailController.m */ = {isa = PBXFileReference; fileEncoding = 4; lastKnownFileType = sourcecode.c.objc; path = VideodetailController.m; sourceTree = "<group>"; };
		D7F8A6ED18A5C7C8007DB2DD /* libz.dylib */ = {isa = PBXFileReference; lastKnownFileType = "compiled.mach-o.dylib"; name = libz.dylib; path = usr/lib/libz.dylib; sourceTree = SDKROOT; };
		D7F8A6F018A5CD59007DB2DD /* MKAnnotationView+WebCache.h */ = {isa = PBXFileReference; fileEncoding = 4; lastKnownFileType = sourcecode.c.h; path = "MKAnnotationView+WebCache.h"; sourceTree = "<group>"; };
		D7F8A6F118A5CD59007DB2DD /* MKAnnotationView+WebCache.m */ = {isa = PBXFileReference; fileEncoding = 4; lastKnownFileType = sourcecode.c.objc; path = "MKAnnotationView+WebCache.m"; sourceTree = "<group>"; };
		D7F8A6F218A5CD59007DB2DD /* SDImageCache.h */ = {isa = PBXFileReference; fileEncoding = 4; lastKnownFileType = sourcecode.c.h; path = SDImageCache.h; sourceTree = "<group>"; };
		D7F8A6F318A5CD59007DB2DD /* SDImageCache.m */ = {isa = PBXFileReference; fileEncoding = 4; lastKnownFileType = sourcecode.c.objc; path = SDImageCache.m; sourceTree = "<group>"; };
		D7F8A6F418A5CD59007DB2DD /* SDImageCacheDelegate.h */ = {isa = PBXFileReference; fileEncoding = 4; lastKnownFileType = sourcecode.c.h; path = SDImageCacheDelegate.h; sourceTree = "<group>"; };
		D7F8A6F518A5CD59007DB2DD /* SDWebImageCompat.h */ = {isa = PBXFileReference; fileEncoding = 4; lastKnownFileType = sourcecode.c.h; path = SDWebImageCompat.h; sourceTree = "<group>"; };
		D7F8A6F618A5CD59007DB2DD /* SDWebImageDecoder.h */ = {isa = PBXFileReference; fileEncoding = 4; lastKnownFileType = sourcecode.c.h; path = SDWebImageDecoder.h; sourceTree = "<group>"; };
		D7F8A6F718A5CD59007DB2DD /* SDWebImageDecoder.m */ = {isa = PBXFileReference; fileEncoding = 4; lastKnownFileType = sourcecode.c.objc; path = SDWebImageDecoder.m; sourceTree = "<group>"; };
		D7F8A6F818A5CD59007DB2DD /* SDWebImageDownloader.h */ = {isa = PBXFileReference; fileEncoding = 4; lastKnownFileType = sourcecode.c.h; path = SDWebImageDownloader.h; sourceTree = "<group>"; };
		D7F8A6F918A5CD59007DB2DD /* SDWebImageDownloader.m */ = {isa = PBXFileReference; fileEncoding = 4; lastKnownFileType = sourcecode.c.objc; path = SDWebImageDownloader.m; sourceTree = "<group>"; };
		D7F8A6FA18A5CD59007DB2DD /* SDWebImageDownloaderDelegate.h */ = {isa = PBXFileReference; fileEncoding = 4; lastKnownFileType = sourcecode.c.h; path = SDWebImageDownloaderDelegate.h; sourceTree = "<group>"; };
		D7F8A6FB18A5CD59007DB2DD /* SDWebImageManager.h */ = {isa = PBXFileReference; fileEncoding = 4; lastKnownFileType = sourcecode.c.h; path = SDWebImageManager.h; sourceTree = "<group>"; };
		D7F8A6FC18A5CD59007DB2DD /* SDWebImageManager.m */ = {isa = PBXFileReference; fileEncoding = 4; lastKnownFileType = sourcecode.c.objc; path = SDWebImageManager.m; sourceTree = "<group>"; };
		D7F8A6FD18A5CD59007DB2DD /* SDWebImageManagerDelegate.h */ = {isa = PBXFileReference; fileEncoding = 4; lastKnownFileType = sourcecode.c.h; path = SDWebImageManagerDelegate.h; sourceTree = "<group>"; };
		D7F8A6FE18A5CD59007DB2DD /* SDWebImagePrefetcher.h */ = {isa = PBXFileReference; fileEncoding = 4; lastKnownFileType = sourcecode.c.h; path = SDWebImagePrefetcher.h; sourceTree = "<group>"; };
		D7F8A6FF18A5CD59007DB2DD /* SDWebImagePrefetcher.m */ = {isa = PBXFileReference; fileEncoding = 4; lastKnownFileType = sourcecode.c.objc; path = SDWebImagePrefetcher.m; sourceTree = "<group>"; };
		D7F8A70018A5CD59007DB2DD /* UIButton+WebCache.h */ = {isa = PBXFileReference; fileEncoding = 4; lastKnownFileType = sourcecode.c.h; path = "UIButton+WebCache.h"; sourceTree = "<group>"; };
		D7F8A70118A5CD59007DB2DD /* UIButton+WebCache.m */ = {isa = PBXFileReference; fileEncoding = 4; lastKnownFileType = sourcecode.c.objc; path = "UIButton+WebCache.m"; sourceTree = "<group>"; };
		D7F8A70218A5CD59007DB2DD /* UIImageView+WebCache.h */ = {isa = PBXFileReference; fileEncoding = 4; lastKnownFileType = sourcecode.c.h; path = "UIImageView+WebCache.h"; sourceTree = "<group>"; };
		D7F8A70318A5CD59007DB2DD /* UIImageView+WebCache.m */ = {isa = PBXFileReference; fileEncoding = 4; lastKnownFileType = sourcecode.c.objc; path = "UIImageView+WebCache.m"; sourceTree = "<group>"; };
		D7F8A70C18A5D635007DB2DD /* UIImage+UIImageExtras.h */ = {isa = PBXFileReference; fileEncoding = 4; lastKnownFileType = sourcecode.c.h; path = "UIImage+UIImageExtras.h"; sourceTree = "<group>"; };
		D7F8A70D18A5D635007DB2DD /* UIImage+UIImageExtras.m */ = {isa = PBXFileReference; fileEncoding = 4; lastKnownFileType = sourcecode.c.objc; path = "UIImage+UIImageExtras.m"; sourceTree = "<group>"; };
		D7F8A70F18A63526007DB2DD /* CustomCell.h */ = {isa = PBXFileReference; fileEncoding = 4; lastKnownFileType = sourcecode.c.h; path = CustomCell.h; sourceTree = "<group>"; };
		D7F8A71018A63526007DB2DD /* CustomCell.m */ = {isa = PBXFileReference; fileEncoding = 4; lastKnownFileType = sourcecode.c.objc; path = CustomCell.m; sourceTree = "<group>"; };
		D7F8A71218A63559007DB2DD /* CustomCell.xib */ = {isa = PBXFileReference; fileEncoding = 4; lastKnownFileType = file.xib; path = CustomCell.xib; sourceTree = "<group>"; };
/* End PBXFileReference section */

/* Begin PBXFrameworksBuildPhase section */
		2C7E710514B8170000A8F4ED /* Frameworks */ = {
			isa = PBXFrameworksBuildPhase;
			buildActionMask = 2147483647;
			files = (
				4EFEFB8418B856DC009D8521 /* libReachability.a in Frameworks */,
				4EFEFB8318B856C0009D8521 /* libASIHTTP.a in Frameworks */,
				D75A61B31890F5B200BE5899 /* MobileCoreServices.framework in Frameworks */,
				4EFF548D18B74FD50091BA84 /* AudioToolbox.framework in Frameworks */,
				4EFF548B18B74FCA0091BA84 /* libbz2.1.0.dylib in Frameworks */,
				4EFF548918B74FB50091BA84 /* QuartzCore.framework in Frameworks */,
				4EFF548718B74F9F0091BA84 /* OpenGLES.framework in Frameworks */,
				4EFF548518B74F920091BA84 /* OpenAL.framework in Frameworks */,
				D7F8A6EE18A5C7C8007DB2DD /* libz.dylib in Frameworks */,
				D74CB00A1893BD1D00C21DEA /* CFNetwork.framework in Frameworks */,
				D74CB0071893B2CA00C21DEA /* MapKit.framework in Frameworks */,
				D77A24B81893A6B400E83DE9 /* ImageIO.framework in Frameworks */,
				D75A61B51890F5BF00BE5899 /* SystemConfiguration.framework in Frameworks */,
				D75A61B71890F5CB00BE5899 /* Security.framework in Frameworks */,
				2C7E710D14B8170000A8F4ED /* UIKit.framework in Frameworks */,
				2C7E710F14B8170000A8F4ED /* Foundation.framework in Frameworks */,
				2C7E711114B8170000A8F4ED /* CoreGraphics.framework in Frameworks */,
				4E98B01F18B762FB00C54EE7 /* libBase64.a in Frameworks */,
				4E98B02118B762FB00C54EE7 /* libCyberPlayerUtils.a in Frameworks */,
				4E98B02218B762FB00C54EE7 /* libGzipCompressor.a in Frameworks */,
				4E98B02418B762FB00C54EE7 /* libSBJSON.a in Frameworks */,
				4EAB8AFB18B655AF00148DC7 /* libCyberPlayerController.a in Frameworks */,
			);
			runOnlyForDeploymentPostprocessing = 0;
		};
/* End PBXFrameworksBuildPhase section */

/* Begin PBXGroup section */
		2C7E70FD14B816FF00A8F4ED = {
			isa = PBXGroup;
			children = (
				4EFF548C18B74FD50091BA84 /* AudioToolbox.framework */,
				4EFF548A18B74FCA0091BA84 /* libbz2.1.0.dylib */,
				4EFF548818B74FB50091BA84 /* QuartzCore.framework */,
				4EFF548618B74F9F0091BA84 /* OpenGLES.framework */,
				4EFF548418B74F920091BA84 /* OpenAL.framework */,
				D76F3C9218B5D1CB0088F44E /* logo@2x.png */,
				D76F3C9018B5D1BF0088F44E /* logo.png */,
				D7F8A6ED18A5C7C8007DB2DD /* libz.dylib */,
				D74CB0091893BD1D00C21DEA /* CFNetwork.framework */,
				D74CB0061893B2CA00C21DEA /* MapKit.framework */,
				D77A24B71893A6B400E83DE9 /* ImageIO.framework */,
				D75A61B61890F5CB00BE5899 /* Security.framework */,
				D75A61B41890F5BF00BE5899 /* SystemConfiguration.framework */,
				D75A61B21890F5B200BE5899 /* MobileCoreServices.framework */,
				2C7E713014B82A5400A8F4ED /* second.storyboard */,
				2C7E712314B817AB00A8F4ED /* Storyboard.storyboard */,
				2C7E711214B8170000A8F4ED /* swtplayer */,
				2C7E710B14B8170000A8F4ED /* Frameworks */,
				2C7E710914B8170000A8F4ED /* Products */,
			);
			sourceTree = "<group>";
		};
		2C7E710914B8170000A8F4ED /* Products */ = {
			isa = PBXGroup;
			children = (
				2C7E710814B8170000A8F4ED /* 移动社文.app */,
			);
			name = Products;
			sourceTree = "<group>";
		};
		2C7E710B14B8170000A8F4ED /* Frameworks */ = {
			isa = PBXGroup;
			children = (
				2C7E710C14B8170000A8F4ED /* UIKit.framework */,
				2C7E710E14B8170000A8F4ED /* Foundation.framework */,
				2C7E711014B8170000A8F4ED /* CoreGraphics.framework */,
			);
			name = Frameworks;
			sourceTree = "<group>";
		};
		2C7E711214B8170000A8F4ED /* swtplayer */ = {
			isa = PBXGroup;
			children = (
				4E98B01518B762FB00C54EE7 /* vlib */,
				D76F3C7B18B5B7AC0088F44E /* img */,
				D70B344918AB686900EE3C60 /* JSONKit.h */,
				D70B344A18AB686900EE3C60 /* JSONKit.m */,
				D74CB0221893BE8D00C21DEA /* ASIHTTPRequest */,
				D77A24DB1893B03100E83DE9 /* SDWebImage */,
				D77A24B118939F0B00E83DE9 /* MBProgressHUD.h */,
				D77A24B218939F0B00E83DE9 /* MBProgressHUD.m */,
				D745E1F118911C49005DFC78 /* AreaListViewController.h */,
				D745E1F218911C49005DFC78 /* AreaListViewController.m */,
				D75082E9188E5513001932C3 /* ui */,
				D75082E7188E5166001932C3 /* AreaViewController.m */,
				D7918F7B188E2A77007E7762 /* FirstViewController.h */,
				D7918F7C188E2A77007E7762 /* FirstViewController.m */,
				D7918F7D188E2A77007E7762 /* LoginViewController.h */,
				D7918F7E188E2A77007E7762 /* LoginViewController.m */,
				D75082DD188E3276001932C3 /* LoginViewController.xib */,
				D75082DE188E3276001932C3 /* main.m */,
				D7918F7F188E2A77007E7762 /* AreaViewController.h */,
				D75082E1188E4BDD001932C3 /* MapViewController.h */,
				D75082E2188E4BDD001932C3 /* MapViewController.m */,
				2C7E711314B8170000A8F4ED /* Supporting Files */,
				D7918F83188E2A77007E7762 /* swtplayerAppDelegate.h */,
				D7918F84188E2A77007E7762 /* swtplayerAppDelegate.m */,
				D75082E4188E4EBD001932C3 /* LiveViewController.h */,
				D75082E5188E4EBD001932C3 /* LiveViewController.m */,
				D7564C821892110100751373 /* Video.h */,
				D7564C831892110100751373 /* Video.m */,
				D7564C8618921B6100751373 /* VideoJson.h */,
				D7564C8718921B6100751373 /* VideoJson.m */,
				D7564C8918925E5B00751373 /* Area.h */,
				D7564C8A18925E5B00751373 /* Area.m */,
				D7564C8C189261F300751373 /* VideoCat.h */,
				D7564C8D189261F400751373 /* VideoCat.m */,
				D7F8A70C18A5D635007DB2DD /* UIImage+UIImageExtras.h */,
				D7F8A70D18A5D635007DB2DD /* UIImage+UIImageExtras.m */,
				D7F8A70F18A63526007DB2DD /* CustomCell.h */,
				D7F8A71018A63526007DB2DD /* CustomCell.m */,
				D7F8A71218A63559007DB2DD /* CustomCell.xib */,
				D752C23418AB269E0080FDB3 /* CommonFn.h */,
				D752C23518AB269E0080FDB3 /* CommonFn.m */,
				D781D09118B45BCF0005AA86 /* CatViewController.h */,
				D781D09218B45BCF0005AA86 /* CatViewController.m */,
				D7B2430918B4B21500477865 /* VideodetailController.h */,
				D7B2430A18B4B21500477865 /* VideodetailController.m */,
				D76F3C7718B5B2A80088F44E /* PlayVideoController.h */,
				D76F3C7818B5B2A80088F44E /* PlayVideoController.m */,
				D765E21C18B72C9400BD20B1 /* CommonUIViewController.h */,
				D765E21D18B72C9400BD20B1 /* CommonUIViewController.m */,
				4E0B698B18BC418E00526EC9 /* PlayVideoAllViewController.h */,
				4E0B698C18BC418E00526EC9 /* PlayVideoAllViewController.m */,
			);
			path = swtplayer;
			sourceTree = "<group>";
		};
		2C7E711314B8170000A8F4ED /* Supporting Files */ = {
			isa = PBXGroup;
			children = (
				D7918F82188E2A77007E7762 /* swtplayer-Prefix.pch */,
				D7918F93188E2B04007E7762 /* InfoPlist.strings */,
				D7918F81188E2A77007E7762 /* swtplayer-Info.plist */,
			);
			name = "Supporting Files";
			sourceTree = "<group>";
		};
		4E98B01518B762FB00C54EE7 /* vlib */ = {
			isa = PBXGroup;
			children = (
				4EAB8AFA18B655AF00148DC7 /* libCyberPlayerController.a */,
				4E98B01618B762FB00C54EE7 /* CyberPlayerController.h */,
				4E98B01718B762FB00C54EE7 /* libASIHTTP.a */,
				4E98B01818B762FB00C54EE7 /* libBase64.a */,
				4E98B01A18B762FB00C54EE7 /* libCyberPlayerUtils.a */,
				4E98B01B18B762FB00C54EE7 /* libGzipCompressor.a */,
				4E98B01C18B762FB00C54EE7 /* libReachability.a */,
				4E98B01D18B762FB00C54EE7 /* libSBJSON.a */,
			);
			path = vlib;
			sourceTree = "<group>";
		};
		D74CB0221893BE8D00C21DEA /* ASIHTTPRequest */ = {
			isa = PBXGroup;
			children = (
				D74CB0231893BE8D00C21DEA /* ASIAuthenticationDialog.h */,
				D74CB0241893BE8D00C21DEA /* ASIAuthenticationDialog.m */,
				D74CB0251893BE8D00C21DEA /* ASICacheDelegate.h */,
				D74CB0261893BE8D00C21DEA /* ASIDataCompressor.h */,
				D74CB0271893BE8D00C21DEA /* ASIDataCompressor.m */,
				D74CB0281893BE8D00C21DEA /* ASIDataDecompressor.h */,
				D74CB0291893BE8D00C21DEA /* ASIDataDecompressor.m */,
				D74CB02A1893BE8D00C21DEA /* ASIDownloadCache.h */,
				D74CB02B1893BE8D00C21DEA /* ASIDownloadCache.m */,
				D74CB02C1893BE8D00C21DEA /* ASIFormDataRequest.h */,
				D74CB02D1893BE8D00C21DEA /* ASIFormDataRequest.m */,
				D74CB02E1893BE8D00C21DEA /* ASIHTTPRequest.h */,
				D74CB02F1893BE8D00C21DEA /* ASIHTTPRequest.m */,
				D74CB0301893BE8D00C21DEA /* ASIHTTPRequestConfig.h */,
				D74CB0311893BE8D00C21DEA /* ASIHTTPRequestDelegate.h */,
				D74CB0321893BE8D00C21DEA /* ASIInputStream.h */,
				D74CB0331893BE8D00C21DEA /* ASIInputStream.m */,
				D74CB0341893BE8D00C21DEA /* ASINetworkQueue.h */,
				D74CB0351893BE8D00C21DEA /* ASINetworkQueue.m */,
				D74CB0361893BE8D00C21DEA /* ASIProgressDelegate.h */,
				D74CB0371893BE8D00C21DEA /* Reachability.h */,
				D74CB0381893BE8D00C21DEA /* Reachability.m */,
			);
			path = ASIHTTPRequest;
			sourceTree = "<group>";
		};
		D75082E9188E5513001932C3 /* ui */ = {
			isa = PBXGroup;
			children = (
				D75082EA188E5513001932C3 /* anhui.html */,
				D75082EB188E5513001932C3 /* anhui.png */,
				D75082EC188E5513001932C3 /* aomen.html */,
				D75082ED188E5513001932C3 /* aomen.png */,
				D75082EE188E5513001932C3 /* beijing.html */,
				D75082EF188E5513001932C3 /* beijing.png */,
				D75082F0188E5513001932C3 /* chongqing.html */,
				D75082F1188E5513001932C3 /* chongqing.png */,
				D75082F2188E5513001932C3 /* common.js */,
				D75082F3188E5513001932C3 /* dt.jpg */,
				D75082F4188E5513001932C3 /* fujian.html */,
				D75082F5188E5513001932C3 /* fujian.png */,
				D75082F6188E5513001932C3 /* gangshu.html */,
				D75082F7188E5513001932C3 /* gangshu.png */,
				D75082F8188E5513001932C3 /* guangdong.html */,
				D75082F9188E5513001932C3 /* guangdong.png */,
				D75082FA188E5513001932C3 /* guangxi.html */,
				D75082FB188E5513001932C3 /* guangxi.png */,
				D75082FC188E5513001932C3 /* guizhou.html */,
				D75082FD188E5513001932C3 /* guizhou.png */,
				D75082FE188E5513001932C3 /* hainan.html */,
				D75082FF188E5513001932C3 /* hainan.png */,
				D7508300188E5513001932C3 /* hebei.html */,
				D7508301188E5513001932C3 /* hebei.png */,
				D7508302188E5513001932C3 /* heilongjian.html */,
				D7508303188E5513001932C3 /* heilongjian.png */,
				D7508304188E5513001932C3 /* henan.html */,
				D7508305188E5513001932C3 /* henan.png */,
				D7508306188E5513001932C3 /* hubei.html */,
				D7508307188E5513001932C3 /* hubei.png */,
				D7508308188E5513001932C3 /* hunan.html */,
				D7508309188E5513001932C3 /* hunan.png */,
				D750830A188E5513001932C3 /* jianshu.html */,
				D750830B188E5513001932C3 /* jianshu.png */,
				D750830C188E5513001932C3 /* jianxi.html */,
				D750830D188E5513001932C3 /* jianxi.png */,
				D750830E188E5513001932C3 /* jiling.html */,
				D750830F188E5513001932C3 /* jiling.png */,
				D7508310188E5513001932C3 /* liaoling.html */,
				D7508311188E5513001932C3 /* liaoling.png */,
				D7508312188E5513001932C3 /* lingxia.html */,
				D7508313188E5513001932C3 /* lingxia.png */,
				D7508314188E5513001932C3 /* map.html */,
				D7508315188E5513001932C3 /* neimengu.html */,
				D7508316188E5513001932C3 /* neimengu.png */,
				D7508317188E5513001932C3 /* qinghai.html */,
				D7508318188E5513001932C3 /* qinghai.png */,
				D7508319188E5513001932C3 /* sanxi.html */,
				D750831A188E5513001932C3 /* sanxi.png */,
				D750831B188E5513001932C3 /* shangdong.html */,
				D750831C188E5513001932C3 /* shangdong.png */,
				D750831D188E5513001932C3 /* shanghai.html */,
				D750831E188E5513001932C3 /* shanghai.png */,
				D750831F188E5513001932C3 /* shenzhen.html */,
				D7508320188E5513001932C3 /* shenzhen.png */,
				D7508321188E5513001932C3 /* shichuan.html */,
				D7508322188E5513001932C3 /* shichuan.png */,
				D7508323188E5513001932C3 /* sx.html */,
				D7508324188E5513001932C3 /* sx.png */,
				D7508325188E5513001932C3 /* taiwang.html */,
				D7508326188E5513001932C3 /* taiwang.png */,
				D7508327188E5513001932C3 /* Thumbs.db */,
				D7508328188E5513001932C3 /* tianjing.html */,
				D7508329188E5513001932C3 /* tianjing.png */,
				D750832A188E5513001932C3 /* xianggan.html */,
				D750832B188E5513001932C3 /* xianggan.png */,
				D750832C188E5513001932C3 /* xingjian.html */,
				D750832D188E5513001932C3 /* xingjian.png */,
				D750832E188E5513001932C3 /* xizhang.html */,
				D750832F188E5513001932C3 /* xizhang.png */,
				D7508330188E5513001932C3 /* yunnan.html */,
				D7508331188E5513001932C3 /* yunnan.png */,
				D7508332188E5513001932C3 /* zhejian.html */,
				D7508333188E5513001932C3 /* zhejian.png */,
			);
			path = ui;
			sourceTree = "<group>";
		};
		D76F3C7B18B5B7AC0088F44E /* img */ = {
			isa = PBXGroup;
			children = (
				D765E22018B742BD00BD20B1 /* goback.png */,
				D765E22118B742BD00BD20B1 /* play.png */,
				D765E22218B742BD00BD20B1 /* stop.png */,
				D76F3C8618B5B9970088F44E /* 37x-Checkmark.png */,
				D76F3C8718B5B9970088F44E /* 37x-Checkmark@2x.png */,
				D76F3C7D18B5B7AC0088F44E /* nopic.png */,
			);
			path = img;
			sourceTree = "<group>";
		};
		D77A24DB1893B03100E83DE9 /* SDWebImage */ = {
			isa = PBXGroup;
			children = (
				D7F8A6F018A5CD59007DB2DD /* MKAnnotationView+WebCache.h */,
				D7F8A6F118A5CD59007DB2DD /* MKAnnotationView+WebCache.m */,
				D7F8A6F218A5CD59007DB2DD /* SDImageCache.h */,
				D7F8A6F318A5CD59007DB2DD /* SDImageCache.m */,
				D7F8A6F418A5CD59007DB2DD /* SDImageCacheDelegate.h */,
				D7F8A6F518A5CD59007DB2DD /* SDWebImageCompat.h */,
				D7F8A6F618A5CD59007DB2DD /* SDWebImageDecoder.h */,
				D7F8A6F718A5CD59007DB2DD /* SDWebImageDecoder.m */,
				D7F8A6F818A5CD59007DB2DD /* SDWebImageDownloader.h */,
				D7F8A6F918A5CD59007DB2DD /* SDWebImageDownloader.m */,
				D7F8A6FA18A5CD59007DB2DD /* SDWebImageDownloaderDelegate.h */,
				D7F8A6FB18A5CD59007DB2DD /* SDWebImageManager.h */,
				D7F8A6FC18A5CD59007DB2DD /* SDWebImageManager.m */,
				D7F8A6FD18A5CD59007DB2DD /* SDWebImageManagerDelegate.h */,
				D7F8A6FE18A5CD59007DB2DD /* SDWebImagePrefetcher.h */,
				D7F8A6FF18A5CD59007DB2DD /* SDWebImagePrefetcher.m */,
				D7F8A70018A5CD59007DB2DD /* UIButton+WebCache.h */,
				D7F8A70118A5CD59007DB2DD /* UIButton+WebCache.m */,
				D7F8A70218A5CD59007DB2DD /* UIImageView+WebCache.h */,
				D7F8A70318A5CD59007DB2DD /* UIImageView+WebCache.m */,
			);
			path = SDWebImage;
			sourceTree = "<group>";
		};
/* End PBXGroup section */

/* Begin PBXNativeTarget section */
		2C7E710714B8170000A8F4ED /* swtplayer */ = {
			isa = PBXNativeTarget;
			buildConfigurationList = 2C7E712014B8170000A8F4ED /* Build configuration list for PBXNativeTarget "swtplayer" */;
			buildPhases = (
				2C7E710414B8170000A8F4ED /* Sources */,
				2C7E710514B8170000A8F4ED /* Frameworks */,
				2C7E710614B8170000A8F4ED /* Resources */,
			);
			buildRules = (
			);
			dependencies = (
			);
			name = swtplayer;
			productName = swtplayer;
			productReference = 2C7E710814B8170000A8F4ED /* 移动社文.app */;
			productType = "com.apple.product-type.application";
		};
/* End PBXNativeTarget section */

/* Begin PBXProject section */
		2C7E70FF14B816FF00A8F4ED /* Project object */ = {
			isa = PBXProject;
			attributes = {
				LastUpgradeCheck = 0460;
			};
			buildConfigurationList = 2C7E710214B816FF00A8F4ED /* Build configuration list for PBXProject "swtplayer" */;
			compatibilityVersion = "Xcode 3.2";
			developmentRegion = English;
			hasScannedForEncodings = 0;
			knownRegions = (
				en,
			);
			mainGroup = 2C7E70FD14B816FF00A8F4ED;
			productRefGroup = 2C7E710914B8170000A8F4ED /* Products */;
			projectDirPath = "";
			projectRoot = "";
			targets = (
				2C7E710714B8170000A8F4ED /* swtplayer */,
			);
		};
/* End PBXProject section */

/* Begin PBXResourcesBuildPhase section */
		2C7E710614B8170000A8F4ED /* Resources */ = {
			isa = PBXResourcesBuildPhase;
			buildActionMask = 2147483647;
			files = (
				D750837E188E7B74001932C3 /* common.js in Resources */,
				2C7E712414B817AB00A8F4ED /* Storyboard.storyboard in Resources */,
				2C7E713114B82A5400A8F4ED /* second.storyboard in Resources */,
				D7918F99188E2B04007E7762 /* InfoPlist.strings in Resources */,
				D75082DF188E3276001932C3 /* LoginViewController.xib in Resources */,
				D7508334188E5513001932C3 /* anhui.html in Resources */,
				D7508335188E5513001932C3 /* anhui.png in Resources */,
				D7508336188E5513001932C3 /* aomen.html in Resources */,
				D7508337188E5513001932C3 /* aomen.png in Resources */,
				D7508338188E5513001932C3 /* beijing.html in Resources */,
				D7508339188E5513001932C3 /* beijing.png in Resources */,
				D750833A188E5513001932C3 /* chongqing.html in Resources */,
				D750833B188E5513001932C3 /* chongqing.png in Resources */,
				D750833D188E5513001932C3 /* dt.jpg in Resources */,
				D750833E188E5513001932C3 /* fujian.html in Resources */,
				D750833F188E5513001932C3 /* fujian.png in Resources */,
				D7508340188E5513001932C3 /* gangshu.html in Resources */,
				D7508341188E5513001932C3 /* gangshu.png in Resources */,
				D7508342188E5513001932C3 /* guangdong.html in Resources */,
				D7508343188E5513001932C3 /* guangdong.png in Resources */,
				D7508344188E5513001932C3 /* guangxi.html in Resources */,
				D7508345188E5513001932C3 /* guangxi.png in Resources */,
				D7508346188E5513001932C3 /* guizhou.html in Resources */,
				D7508347188E5513001932C3 /* guizhou.png in Resources */,
				D7508348188E5513001932C3 /* hainan.html in Resources */,
				D7508349188E5513001932C3 /* hainan.png in Resources */,
				D750834A188E5513001932C3 /* hebei.html in Resources */,
				D750834B188E5513001932C3 /* hebei.png in Resources */,
				D750834C188E5513001932C3 /* heilongjian.html in Resources */,
				D750834D188E5513001932C3 /* heilongjian.png in Resources */,
				D750834E188E5513001932C3 /* henan.html in Resources */,
				D750834F188E5513001932C3 /* henan.png in Resources */,
				D7508350188E5513001932C3 /* hubei.html in Resources */,
				D7508351188E5513001932C3 /* hubei.png in Resources */,
				D7508352188E5513001932C3 /* hunan.html in Resources */,
				D7508353188E5513001932C3 /* hunan.png in Resources */,
				D7508354188E5513001932C3 /* jianshu.html in Resources */,
				D7508355188E5513001932C3 /* jianshu.png in Resources */,
				D7508356188E5513001932C3 /* jianxi.html in Resources */,
				D7508357188E5513001932C3 /* jianxi.png in Resources */,
				D7508358188E5513001932C3 /* jiling.html in Resources */,
				D7508359188E5513001932C3 /* jiling.png in Resources */,
				D750835A188E5513001932C3 /* liaoling.html in Resources */,
				D750835B188E5513001932C3 /* liaoling.png in Resources */,
				D750835C188E5513001932C3 /* lingxia.html in Resources */,
				D750835D188E5513001932C3 /* lingxia.png in Resources */,
				D750835E188E5513001932C3 /* map.html in Resources */,
				D750835F188E5513001932C3 /* neimengu.html in Resources */,
				D7508360188E5513001932C3 /* neimengu.png in Resources */,
				D7508361188E5513001932C3 /* qinghai.html in Resources */,
				D7508362188E5513001932C3 /* qinghai.png in Resources */,
				D7508363188E5513001932C3 /* sanxi.html in Resources */,
				D7508364188E5513001932C3 /* sanxi.png in Resources */,
				D7508365188E5513001932C3 /* shangdong.html in Resources */,
				D7508366188E5513001932C3 /* shangdong.png in Resources */,
				D7508367188E5513001932C3 /* shanghai.html in Resources */,
				D7508368188E5513001932C3 /* shanghai.png in Resources */,
				D7508369188E5513001932C3 /* shenzhen.html in Resources */,
				D750836A188E5513001932C3 /* shenzhen.png in Resources */,
				D750836B188E5513001932C3 /* shichuan.html in Resources */,
				D750836C188E5513001932C3 /* shichuan.png in Resources */,
				D750836D188E5513001932C3 /* sx.html in Resources */,
				D750836E188E5513001932C3 /* sx.png in Resources */,
				D750836F188E5513001932C3 /* taiwang.html in Resources */,
				D7508370188E5513001932C3 /* taiwang.png in Resources */,
				D7508371188E5513001932C3 /* Thumbs.db in Resources */,
				D7508372188E5513001932C3 /* tianjing.html in Resources */,
				D7508373188E5513001932C3 /* tianjing.png in Resources */,
				D7508374188E5513001932C3 /* xianggan.html in Resources */,
				D7508375188E5513001932C3 /* xianggan.png in Resources */,
				D7508376188E5513001932C3 /* xingjian.html in Resources */,
				D7508377188E5513001932C3 /* xingjian.png in Resources */,
				D7508378188E5513001932C3 /* xizhang.html in Resources */,
				D7508379188E5513001932C3 /* xizhang.png in Resources */,
				D750837A188E5513001932C3 /* yunnan.html in Resources */,
				D750837B188E5513001932C3 /* yunnan.png in Resources */,
				D750837C188E5513001932C3 /* zhejian.html in Resources */,
				D750837D188E5513001932C3 /* zhejian.png in Resources */,
				D7F8A71318A63559007DB2DD /* CustomCell.xib in Resources */,
				D76F3C7F18B5B7AC0088F44E /* nopic.png in Resources */,
				D76F3C8818B5B9970088F44E /* 37x-Checkmark.png in Resources */,
				D76F3C8918B5B9970088F44E /* 37x-Checkmark@2x.png in Resources */,
				D76F3C9118B5D1BF0088F44E /* logo.png in Resources */,
				D76F3C9318B5D1CB0088F44E /* logo@2x.png in Resources */,
				D765E22318B742BD00BD20B1 /* goback.png in Resources */,
				D765E22418B742BD00BD20B1 /* play.png in Resources */,
				D765E22518B742BD00BD20B1 /* stop.png in Resources */,
			);
			runOnlyForDeploymentPostprocessing = 0;
		};
/* End PBXResourcesBuildPhase section */

/* Begin PBXSourcesBuildPhase section */
		2C7E710414B8170000A8F4ED /* Sources */ = {
			isa = PBXSourcesBuildPhase;
			buildActionMask = 2147483647;
			files = (
				D7918F85188E2A77007E7762 /* FirstViewController.m in Sources */,
				D7918F86188E2A77007E7762 /* LoginViewController.m in Sources */,
				D7918F89188E2A77007E7762 /* swtplayerAppDelegate.m in Sources */,
				D75082E0188E3276001932C3 /* main.m in Sources */,
				D75082E3188E4BDD001932C3 /* MapViewController.m in Sources */,
				D75082E6188E4EBD001932C3 /* LiveViewController.m in Sources */,
				D75082E8188E5166001932C3 /* AreaViewController.m in Sources */,
				D750833C188E5513001932C3 /* common.js in Sources */,
				D745E1F318911C49005DFC78 /* AreaListViewController.m in Sources */,
				D7564C841892110100751373 /* Video.m in Sources */,
				D7564C8818921B6100751373 /* VideoJson.m in Sources */,
				D7564C8B18925E5B00751373 /* Area.m in Sources */,
				D7564C8E189261F400751373 /* VideoCat.m in Sources */,
				D77A24B318939F0B00E83DE9 /* MBProgressHUD.m in Sources */,
				D7F8A70418A5CD59007DB2DD /* MKAnnotationView+WebCache.m in Sources */,
				D7F8A70518A5CD59007DB2DD /* SDImageCache.m in Sources */,
				D7F8A70618A5CD59007DB2DD /* SDWebImageDecoder.m in Sources */,
				D7F8A70718A5CD59007DB2DD /* SDWebImageDownloader.m in Sources */,
				D7F8A70818A5CD59007DB2DD /* SDWebImageManager.m in Sources */,
				D7F8A70918A5CD59007DB2DD /* SDWebImagePrefetcher.m in Sources */,
				D7F8A70A18A5CD59007DB2DD /* UIButton+WebCache.m in Sources */,
				D7F8A70B18A5CD59007DB2DD /* UIImageView+WebCache.m in Sources */,
				D7F8A70E18A5D635007DB2DD /* UIImage+UIImageExtras.m in Sources */,
				D7F8A71118A63526007DB2DD /* CustomCell.m in Sources */,
				D752C23618AB269E0080FDB3 /* CommonFn.m in Sources */,
				D70B344B18AB686900EE3C60 /* JSONKit.m in Sources */,
				D781D09318B45BCF0005AA86 /* CatViewController.m in Sources */,
				D7B2430B18B4B21500477865 /* VideodetailController.m in Sources */,
				D76F3C7918B5B2A90088F44E /* PlayVideoController.m in Sources */,
				D765E21E18B72C9400BD20B1 /* CommonUIViewController.m in Sources */,
				4E0B698D18BC418E00526EC9 /* PlayVideoAllViewController.m in Sources */,
			);
			runOnlyForDeploymentPostprocessing = 0;
		};
/* End PBXSourcesBuildPhase section */

/* Begin PBXVariantGroup section */
		D7918F93188E2B04007E7762 /* InfoPlist.strings */ = {
			isa = PBXVariantGroup;
			children = (
				D7918F94188E2B04007E7762 /* en */,
			);
			name = InfoPlist.strings;
			path = ..;
			sourceTree = "<group>";
		};
/* End PBXVariantGroup section */

/* Begin XCBuildConfiguration section */
		2C7E711E14B8170000A8F4ED /* Debug */ = {
			isa = XCBuildConfiguration;
			buildSettings = {
				ALWAYS_SEARCH_USER_PATHS = NO;
				ARCHS = "$(ARCHS_STANDARD_32_BIT)";
				CLANG_WARN_CONSTANT_CONVERSION = YES;
				CLANG_WARN_ENUM_CONVERSION = YES;
				CLANG_WARN_INT_CONVERSION = YES;
				CLANG_WARN__DUPLICATE_METHOD_MATCH = YES;
				"CODE_SIGN_IDENTITY[sdk=iphoneos*]" = "iPhone Developer";
				COPY_PHASE_STRIP = NO;
				GCC_C_LANGUAGE_STANDARD = gnu99;
				GCC_DYNAMIC_NO_PIC = NO;
				GCC_OPTIMIZATION_LEVEL = 0;
				GCC_PREPROCESSOR_DEFINITIONS = (
					"DEBUG=1",
					"$(inherited)",
				);
				GCC_SYMBOLS_PRIVATE_EXTERN = NO;
				GCC_VERSION = com.apple.compilers.llvm.clang.1_0;
				GCC_WARN_ABOUT_MISSING_PROTOTYPES = YES;
				GCC_WARN_ABOUT_RETURN_TYPE = YES;
				GCC_WARN_UNINITIALIZED_AUTOS = YES;
				GCC_WARN_UNUSED_VARIABLE = YES;
				IPHONEOS_DEPLOYMENT_TARGET = 5.0;
				SDKROOT = iphoneos;
			};
			name = Debug;
		};
		2C7E711F14B8170000A8F4ED /* Release */ = {
			isa = XCBuildConfiguration;
			buildSettings = {
				ALWAYS_SEARCH_USER_PATHS = NO;
				ARCHS = "$(ARCHS_STANDARD_32_BIT)";
				CLANG_WARN_CONSTANT_CONVERSION = YES;
				CLANG_WARN_ENUM_CONVERSION = YES;
				CLANG_WARN_INT_CONVERSION = YES;
				CLANG_WARN__DUPLICATE_METHOD_MATCH = YES;
				"CODE_SIGN_IDENTITY[sdk=iphoneos*]" = "iPhone Developer";
				COPY_PHASE_STRIP = YES;
				GCC_C_LANGUAGE_STANDARD = gnu99;
				GCC_VERSION = com.apple.compilers.llvm.clang.1_0;
				GCC_WARN_ABOUT_MISSING_PROTOTYPES = YES;
				GCC_WARN_ABOUT_RETURN_TYPE = YES;
				GCC_WARN_UNINITIALIZED_AUTOS = YES;
				GCC_WARN_UNUSED_VARIABLE = YES;
				IPHONEOS_DEPLOYMENT_TARGET = 5.0;
				OTHER_CFLAGS = "-DNS_BLOCK_ASSERTIONS=1";
				SDKROOT = iphoneos;
				VALIDATE_PRODUCT = YES;
			};
			name = Release;
		};
		2C7E712114B8170000A8F4ED /* Debug */ = {
			isa = XCBuildConfiguration;
			buildSettings = {
				CLANG_ENABLE_OBJC_ARC = YES;
				FRAMEWORK_SEARCH_PATHS = (
					"$(inherited)",
					"\"$(SRCROOT)/swtplayer\"",
					"\"$(SRCROOT)/../back up\"",
					"\"$(SRCROOT)\"",
				);
				GCC_PRECOMPILE_PREFIX_HEADER = YES;
				GCC_PREFIX_HEADER = "swtplayer/swtplayer-Prefix.pch";
				GCC_VERSION = "";
				INFOPLIST_FILE = "swtplayer/swtplayer-Info.plist";
				IPHONEOS_DEPLOYMENT_TARGET = 5.0;
				LIBRARY_SEARCH_PATHS = (
					"$(inherited)",
					"\"$(SRCROOT)/swtplayer\"",
					"\"$(SRCROOT)/../back up/SDWebImage.framework/Versions/A\"",
					"\"$(SRCROOT)/swtplayer/SDWebImage.framework\"",
					"\"$(SRCROOT)/swtplayer/SDWebImage\"",
					"\"$(SRCROOT)/swtplayer/videolib\"",
					"\"$(SRCROOT)/swtplayer/vlib\"",
				);
				OTHER_LDFLAGS = "-ObjC";
				PRODUCT_NAME = "移动社文";
				TARGETED_DEVICE_FAMILY = 1;
				VALID_ARCHS = armv7;
				WRAPPER_EXTENSION = app;
			};
			name = Debug;
		};
		2C7E712214B8170000A8F4ED /* Release */ = {
			isa = XCBuildConfiguration;
			buildSettings = {
				CLANG_ENABLE_OBJC_ARC = YES;
				FRAMEWORK_SEARCH_PATHS = (
					"$(inherited)",
					"\"$(SRCROOT)/swtplayer\"",
					"\"$(SRCROOT)/../back up\"",
					"\"$(SRCROOT)\"",
				);
				GCC_PRECOMPILE_PREFIX_HEADER = YES;
				GCC_PREFIX_HEADER = "swtplayer/swtplayer-Prefix.pch";
				GCC_VERSION = "";
				INFOPLIST_FILE = "swtplayer/swtplayer-Info.plist";
				IPHONEOS_DEPLOYMENT_TARGET = 5.0;
				LIBRARY_SEARCH_PATHS = (
					"$(inherited)",
					"\"$(SRCROOT)/swtplayer\"",
					"\"$(SRCROOT)/../back up/SDWebImage.framework/Versions/A\"",
					"\"$(SRCROOT)/swtplayer/SDWebImage.framework\"",
					"\"$(SRCROOT)/swtplayer/SDWebImage\"",
					"\"$(SRCROOT)/swtplayer/videolib\"",
					"\"$(SRCROOT)/swtplayer/vlib\"",
				);
				OTHER_LDFLAGS = "-ObjC";
				PRODUCT_NAME = "移动社文";
				TARGETED_DEVICE_FAMILY = 1;
				VALID_ARCHS = armv7;
				WRAPPER_EXTENSION = app;
			};
			name = Release;
		};
/* End XCBuildConfiguration section */

/* Begin XCConfigurationList section */
		2C7E710214B816FF00A8F4ED /* Build configuration list for PBXProject "swtplayer" */ = {
			isa = XCConfigurationList;
			buildConfigurations = (
				2C7E711E14B8170000A8F4ED /* Debug */,
				2C7E711F14B8170000A8F4ED /* Release */,
			);
			defaultConfigurationIsVisible = 0;
			defaultConfigurationName = Release;
		};
		2C7E712014B8170000A8F4ED /* Build configuration list for PBXNativeTarget "swtplayer" */ = {
			isa = XCConfigurationList;
			buildConfigurations = (
				2C7E712114B8170000A8F4ED /* Debug */,
				2C7E712214B8170000A8F4ED /* Release */,
			);
			defaultConfigurationIsVisible = 0;
			defaultConfigurationName = Release;
		};
/* End XCConfigurationList section */
	};
	rootObject = 2C7E70FF14B816FF00A8F4ED /* Project object */;
}
